// !$*UTF8*$!
{
	archiveVersion = 1;
	classes = {
	};
	objectVersion = 55;
	objects = {

/* Begin PBXBuildFile section */
		19AB858B6A67A1FD7E20CE20 /* Pods_GatheRunner_GatheRunnerUITests.framework in Frameworks */ = {isa = PBXBuildFile; fileRef = 74F3E5D65BF8160E66CE0901 /* Pods_GatheRunner_GatheRunnerUITests.framework */; };
		9B5095EDA536B973CF0EB609 /* Pods_GatheRunnerTests.framework in Frameworks */ = {isa = PBXBuildFile; fileRef = 3471F89BB819ED6185DCE2BC /* Pods_GatheRunnerTests.framework */; };
		D038E0DE9807E434F1BB41EE /* Pods_GatheRunner.framework in Frameworks */ = {isa = PBXBuildFile; fileRef = E532B14686B661EA8EC46FEF /* Pods_GatheRunner.framework */; };
		DA098D2728F802320053140F /* CardView.swift in Sources */ = {isa = PBXBuildFile; fileRef = DA098D2628F802320053140F /* CardView.swift */; };
		DA18732C28F9BD26009D23F7 /* SelectedButtonMemory.swift in Sources */ = {isa = PBXBuildFile; fileRef = DA18732B28F9BD26009D23F7 /* SelectedButtonMemory.swift */; };
		DA2FFD3D28A8B33B006291CE /* .swiftlint.yml in Resources */ = {isa = PBXBuildFile; fileRef = DA2FFD3C28A8B33B006291CE /* .swiftlint.yml */; };
		DA33695828790DBE00FA13AE /* JustStartView.swift in Sources */ = {isa = PBXBuildFile; fileRef = DA33695728790DBE00FA13AE /* JustStartView.swift */; };
		DA33695A28790E0C00FA13AE /* RunningGuideView.swift in Sources */ = {isa = PBXBuildFile; fileRef = DA33695928790E0C00FA13AE /* RunningGuideView.swift */; };
		DA5165A728A8B3E60024BE22 /* .swiftformat in Resources */ = {isa = PBXBuildFile; fileRef = DA5165A628A8B3E60024BE22 /* .swiftformat */; };
		DA5842192893C22F00554B5D /* View+Extensions.swift in Sources */ = {isa = PBXBuildFile; fileRef = DA5842182893C22F00554B5D /* View+Extensions.swift */; };
		DA58421B2893C24A00554B5D /* Array+Extensions.swift in Sources */ = {isa = PBXBuildFile; fileRef = DA58421A2893C24A00554B5D /* Array+Extensions.swift */; };
		DA58421E2893C27700554B5D /* RunGuideViewModel.swift in Sources */ = {isa = PBXBuildFile; fileRef = DA58421D2893C27700554B5D /* RunGuideViewModel.swift */; };
		DA694A7F28F72E6800A02EEE /* RunGuideDescriptionView.swift in Sources */ = {isa = PBXBuildFile; fileRef = DA694A7E28F72E6800A02EEE /* RunGuideDescriptionView.swift */; };
		DA7D5E7728F73A5F0066B2C6 /* RunGuideTabView.swift in Sources */ = {isa = PBXBuildFile; fileRef = DA7D5E7628F73A5F0066B2C6 /* RunGuideTabView.swift */; };
		DA7D5E7B28F740D90066B2C6 /* MapView.swift in Sources */ = {isa = PBXBuildFile; fileRef = DA7D5E7A28F740D90066B2C6 /* MapView.swift */; };
		DA7E241828BB031F00046BFB /* GoogleService-Info.plist in Resources */ = {isa = PBXBuildFile; fileRef = DA7E241728BB031F00046BFB /* GoogleService-Info.plist */; };
		DAE12F5D28D346FC00C328EA /* RunGuideItem.swift in Sources */ = {isa = PBXBuildFile; fileRef = DAE12F5C28D346FC00C328EA /* RunGuideItem.swift */; };
		DAEA9315287AED7200349465 /* RunGuideExperienceTabItem.swift in Sources */ = {isa = PBXBuildFile; fileRef = DAEA9314287AED7200349465 /* RunGuideExperienceTabItem.swift */; };
		DAEA931A287D184900349465 /* BottomButtonView.swift in Sources */ = {isa = PBXBuildFile; fileRef = DAEA9319287D184900349465 /* BottomButtonView.swift */; };
		DB198DA8288F76FF002513A9 /* HeaderView.swift in Sources */ = {isa = PBXBuildFile; fileRef = DB198DA7288F76FF002513A9 /* HeaderView.swift */; };
		DBD4C52F28F3DFD1000E28D0 /* HistoryItem.swift in Sources */ = {isa = PBXBuildFile; fileRef = DBD4C52E28F3DFD1000E28D0 /* HistoryItem.swift */; };
		DBD4C53128F3DFE0000E28D0 /* HistoryList.swift in Sources */ = {isa = PBXBuildFile; fileRef = DBD4C53028F3DFE0000E28D0 /* HistoryList.swift */; };
		E305671128B75B6600DFA1C4 /* LocationManager.swift in Sources */ = {isa = PBXBuildFile; fileRef = E305671028B75B6600DFA1C4 /* LocationManager.swift */; };
		E305671328B75BA200DFA1C4 /* Int+Extensions.swift in Sources */ = {isa = PBXBuildFile; fileRef = E305671228B75BA200DFA1C4 /* Int+Extensions.swift */; };
		E31D52602927A6040067DF48 /* AuthRequest.swift in Sources */ = {isa = PBXBuildFile; fileRef = E31D525F2927A6040067DF48 /* AuthRequest.swift */; };
		E31D52622927A6280067DF48 /* FirebaseAuthResponseDTO.swift in Sources */ = {isa = PBXBuildFile; fileRef = E31D52612927A6280067DF48 /* FirebaseAuthResponseDTO.swift */; };
		E31D52642927A63C0067DF48 /* FirebaseAuthRequestDTO.swift in Sources */ = {isa = PBXBuildFile; fileRef = E31D52632927A63C0067DF48 /* FirebaseAuthRequestDTO.swift */; };
		E32D47B2292CEAB2001CCE61 /* MapWithPolyline.swift in Sources */ = {isa = PBXBuildFile; fileRef = E32D47B0292CEA1A001CCE61 /* MapWithPolyline.swift */; };
		E32D47B3292CEAB4001CCE61 /* ResultMapView.swift in Sources */ = {isa = PBXBuildFile; fileRef = E32D47B1292CEA1A001CCE61 /* ResultMapView.swift */; };
		E335FAF928B7610300835F72 /* SelectedTab.swift in Sources */ = {isa = PBXBuildFile; fileRef = E335FAF828B7610300835F72 /* SelectedTab.swift */; };
		E33663E7292CD6EE00E41E28 /* AppEnvironment.swift in Sources */ = {isa = PBXBuildFile; fileRef = E33663E6292CD6EE00E41E28 /* AppEnvironment.swift */; };
		E3435A01292281F500B65D48 /* UserRepository.swift in Sources */ = {isa = PBXBuildFile; fileRef = E3435A00292281F500B65D48 /* UserRepository.swift */; };
		E3438C3C28D74B260003591F /* FieldStyle.swift in Sources */ = {isa = PBXBuildFile; fileRef = E3438C3B28D74B260003591F /* FieldStyle.swift */; };
		E345254C291E25DB00E2FA38 /* FirebaseAPIManager+Auth.swift in Sources */ = {isa = PBXBuildFile; fileRef = E345254A291E25DB00E2FA38 /* FirebaseAPIManager+Auth.swift */; };
		E3452551291E264000E2FA38 /* AuthResponse.swift in Sources */ = {isa = PBXBuildFile; fileRef = E3452550291E264000E2FA38 /* AuthResponse.swift */; };
		E34F7B77292DDAC900BCC6FE /* Date+Extension.swift in Sources */ = {isa = PBXBuildFile; fileRef = DB051390292BDE7B00BE218B /* Date+Extension.swift */; };
		E350EA1828AE196000F85FA1 /* Toggle+IconStyle.swift in Sources */ = {isa = PBXBuildFile; fileRef = E350EA1728AE196000F85FA1 /* Toggle+IconStyle.swift */; };
		E351783A28ABC9E50088003B /* RunningRecordView.swift in Sources */ = {isa = PBXBuildFile; fileRef = E351783928ABC9E50088003B /* RunningRecordView.swift */; };
		E355961028D45ECB00AF0FBD /* AuthenticationView.swift in Sources */ = {isa = PBXBuildFile; fileRef = E355960F28D45ECB00AF0FBD /* AuthenticationView.swift */; };
		E355961328D4651900AF0FBD /* AuthenticationViewModel.swift in Sources */ = {isa = PBXBuildFile; fileRef = E355961228D4651900AF0FBD /* AuthenticationViewModel.swift */; };
		E35EFEC6286DFB2D003E23DE /* RunningView.swift in Sources */ = {isa = PBXBuildFile; fileRef = E35EFEBC286DFB2D003E23DE /* RunningView.swift */; };
		E35EFEC7286DFB2D003E23DE /* TabItem.swift in Sources */ = {isa = PBXBuildFile; fileRef = E35EFEBE286DFB2D003E23DE /* TabItem.swift */; };
		E35EFEC9286DFB2D003E23DE /* ActivityView.swift in Sources */ = {isa = PBXBuildFile; fileRef = E35EFEC1286DFB2D003E23DE /* ActivityView.swift */; };
		E35EFECA286DFB2D003E23DE /* MainTabView.swift in Sources */ = {isa = PBXBuildFile; fileRef = E35EFEC3286DFB2D003E23DE /* MainTabView.swift */; };
		E3607CD22923C1DF0018B2C2 /* LongPressTypeAlertModifier.swift in Sources */ = {isa = PBXBuildFile; fileRef = E3607CD12923C1DF0018B2C2 /* LongPressTypeAlertModifier.swift */; };
		E3607CD42923C25E0018B2C2 /* ImageStyle.swift in Sources */ = {isa = PBXBuildFile; fileRef = E3607CD32923C25E0018B2C2 /* ImageStyle.swift */; };
		E3708FDC289B8F49004FF0C1 /* TabBarButton.swift in Sources */ = {isa = PBXBuildFile; fileRef = E3708FDB289B8F49004FF0C1 /* TabBarButton.swift */; };
		E3708FF1289BBEE6004FF0C1 /* EmptyModifier.swift in Sources */ = {isa = PBXBuildFile; fileRef = E3708FF0289BBEE6004FF0C1 /* EmptyModifier.swift */; };
		E38C3AB0291546F500F0B104 /* Query+AddQueries.swift in Sources */ = {isa = PBXBuildFile; fileRef = E38C3AAF291546BA00F0B104 /* Query+AddQueries.swift */; };
		E38C3AB1291546F800F0B104 /* Encodable+ToDictionary.swift in Sources */ = {isa = PBXBuildFile; fileRef = E38C3AAE291546BA00F0B104 /* Encodable+ToDictionary.swift */; };
		E38C3AB2291546FB00F0B104 /* Firestore+Combine.swift in Sources */ = {isa = PBXBuildFile; fileRef = E38C3AAD291546BA00F0B104 /* Firestore+Combine.swift */; };
		E38C3AB3291546FD00F0B104 /* JSONDecoder+Decode.swift in Sources */ = {isa = PBXBuildFile; fileRef = E38C3AAB291546BA00F0B104 /* JSONDecoder+Decode.swift */; };
		E38C3AB42915470000F0B104 /* Encodable+Queries.swift in Sources */ = {isa = PBXBuildFile; fileRef = E38C3AAC291546BA00F0B104 /* Encodable+Queries.swift */; };
		E38C3AB52915471A00F0B104 /* OptionNameSpaces.swift in Sources */ = {isa = PBXBuildFile; fileRef = E38C3AA4291546BA00F0B104 /* OptionNameSpaces.swift */; };
		E38C3AB62915472800F0B104 /* FireStoreRequest.swift in Sources */ = {isa = PBXBuildFile; fileRef = E38C3AA7291546BA00F0B104 /* FireStoreRequest.swift */; };
		E38C3AB72915472D00F0B104 /* FirebaseAPIManager.swift in Sources */ = {isa = PBXBuildFile; fileRef = E38C3AA9291546BA00F0B104 /* FirebaseAPIManager.swift */; };
		E399CA7929338BA100ACFCFA /* ManagersContainer.swift in Sources */ = {isa = PBXBuildFile; fileRef = E399CA7829338BA100ACFCFA /* ManagersContainer.swift */; };
		E39F0B5A28B75CF30086957F /* EmptyActivityView.swift in Sources */ = {isa = PBXBuildFile; fileRef = EA4D0FE628B634C00005A5F3 /* EmptyActivityView.swift */; };
		E39F0B5D28B75D0B0086957F /* GraphViewModel.swift in Sources */ = {isa = PBXBuildFile; fileRef = EA5E279128B604B7004C0798 /* GraphViewModel.swift */; };
		E39F0B5E28B75D0B0086957F /* ActivityHistoryView.swift in Sources */ = {isa = PBXBuildFile; fileRef = EA4D0FE828B63B210005A5F3 /* ActivityHistoryView.swift */; };
		E3D349D7286C20D200618AC3 /* GatheRunnerApp.swift in Sources */ = {isa = PBXBuildFile; fileRef = E3D349D6286C20D200618AC3 /* GatheRunnerApp.swift */; };
		E3D349DB286C20D500618AC3 /* Assets.xcassets in Resources */ = {isa = PBXBuildFile; fileRef = E3D349DA286C20D500618AC3 /* Assets.xcassets */; };
		E3D349DE286C20D500618AC3 /* Preview Assets.xcassets in Resources */ = {isa = PBXBuildFile; fileRef = E3D349DD286C20D500618AC3 /* Preview Assets.xcassets */; };
		E3D349E8286C20D500618AC3 /* GatheRunnerTests.swift in Sources */ = {isa = PBXBuildFile; fileRef = E3D349E7286C20D500618AC3 /* GatheRunnerTests.swift */; };
		E3D349F2286C20D500618AC3 /* GatheRunnerUITests.swift in Sources */ = {isa = PBXBuildFile; fileRef = E3D349F1286C20D500618AC3 /* GatheRunnerUITests.swift */; };
		E3D349F4286C20D500618AC3 /* GatheRunnerUITestsLaunchTests.swift in Sources */ = {isa = PBXBuildFile; fileRef = E3D349F3286C20D500618AC3 /* GatheRunnerUITestsLaunchTests.swift */; };
		E3DA2F5828B76098001E9220 /* Constants.swift in Sources */ = {isa = PBXBuildFile; fileRef = E3DA2F5228B7607F001E9220 /* Constants.swift */; };
		E3DA2F5928B76098001E9220 /* Alignment+Extention.swift in Sources */ = {isa = PBXBuildFile; fileRef = E3DA2F5528B7607F001E9220 /* Alignment+Extention.swift */; };
		E3DA2F5A28B76098001E9220 /* TouchLocationView.swift in Sources */ = {isa = PBXBuildFile; fileRef = E3DA2F5728B7607F001E9220 /* TouchLocationView.swift */; };
		E3DA2F5B28B76098001E9220 /* GatherNaviBar.swift in Sources */ = {isa = PBXBuildFile; fileRef = E3DA2F5628B7607F001E9220 /* GatherNaviBar.swift */; };
		E3E748092892837700F40457 /* RunSplashScreen.swift in Sources */ = {isa = PBXBuildFile; fileRef = E3E748082892837700F40457 /* RunSplashScreen.swift */; };
		E3E7480B289284B200F40457 /* TextStyle.swift in Sources */ = {isa = PBXBuildFile; fileRef = E3E7480A289284B200F40457 /* TextStyle.swift */; };
		E3F598A5292B4F0300023097 /* MainTabComponents.swift in Sources */ = {isa = PBXBuildFile; fileRef = E3F5989F292A0E2200023097 /* MainTabComponents.swift */; };
		E3F83E6A28AF641D000CA1B5 /* MeasurementViewUITests.swift in Sources */ = {isa = PBXBuildFile; fileRef = E3F83E6928AF641D000CA1B5 /* MeasurementViewUITests.swift */; };
		E3FE02FB28D49749008A9B91 /* String+isValid.swift in Sources */ = {isa = PBXBuildFile; fileRef = E3FE02FA28D49749008A9B91 /* String+isValid.swift */; };
		E85FF54728F6857700C197CA /* History.swift in Sources */ = {isa = PBXBuildFile; fileRef = E85FF54628F6857700C197CA /* History.swift */; };
		E85FF54928F6867C00C197CA /* AverageHistory.swift in Sources */ = {isa = PBXBuildFile; fileRef = E85FF54828F6867C00C197CA /* AverageHistory.swift */; };
		EA3D3F8D28D07C1000D78D28 /* PeriodView.swift in Sources */ = {isa = PBXBuildFile; fileRef = EA3D3F8928D07C1000D78D28 /* PeriodView.swift */; };
		EA3D3F8E28D07C1000D78D28 /* GraphView.swift in Sources */ = {isa = PBXBuildFile; fileRef = EA3D3F8A28D07C1000D78D28 /* GraphView.swift */; };
		EA3D3F8F28D07C1000D78D28 /* Graph.swift in Sources */ = {isa = PBXBuildFile; fileRef = EA3D3F8B28D07C1000D78D28 /* Graph.swift */; };
		EA3D3F9028D07C1000D78D28 /* SimplifiedStatistics.swift in Sources */ = {isa = PBXBuildFile; fileRef = EA3D3F8C28D07C1000D78D28 /* SimplifiedStatistics.swift */; };
		EA7913B828D6EA7000F889E5 /* GraphBottomSheetView.swift in Sources */ = {isa = PBXBuildFile; fileRef = EA7913B728D6EA7000F889E5 /* GraphBottomSheetView.swift */; };
/* End PBXBuildFile section */

/* Begin PBXContainerItemProxy section */
		E3D349E4286C20D500618AC3 /* PBXContainerItemProxy */ = {
			isa = PBXContainerItemProxy;
			containerPortal = E3D349CB286C20D200618AC3 /* Project object */;
			proxyType = 1;
			remoteGlobalIDString = E3D349D2286C20D200618AC3;
			remoteInfo = GatheRunner;
		};
		E3D349EE286C20D500618AC3 /* PBXContainerItemProxy */ = {
			isa = PBXContainerItemProxy;
			containerPortal = E3D349CB286C20D200618AC3 /* Project object */;
			proxyType = 1;
			remoteGlobalIDString = E3D349D2286C20D200618AC3;
			remoteInfo = GatheRunner;
		};
/* End PBXContainerItemProxy section */

/* Begin PBXFileReference section */
		03EBBC3850C49984862875E4 /* Pods-GatheRunner-GatheRunnerUITests.release.xcconfig */ = {isa = PBXFileReference; includeInIndex = 1; lastKnownFileType = text.xcconfig; name = "Pods-GatheRunner-GatheRunnerUITests.release.xcconfig"; path = "Target Support Files/Pods-GatheRunner-GatheRunnerUITests/Pods-GatheRunner-GatheRunnerUITests.release.xcconfig"; sourceTree = "<group>"; };
		23E6AD997E8908FB2955C064 /* Pods-GatheRunner.release.xcconfig */ = {isa = PBXFileReference; includeInIndex = 1; lastKnownFileType = text.xcconfig; name = "Pods-GatheRunner.release.xcconfig"; path = "Target Support Files/Pods-GatheRunner/Pods-GatheRunner.release.xcconfig"; sourceTree = "<group>"; };
		3471F89BB819ED6185DCE2BC /* Pods_GatheRunnerTests.framework */ = {isa = PBXFileReference; explicitFileType = wrapper.framework; includeInIndex = 0; path = Pods_GatheRunnerTests.framework; sourceTree = BUILT_PRODUCTS_DIR; };
		3868EFEEEC4621DAB4C4BABD /* Pods-GatheRunner-GatheRunnerUITests.debug.xcconfig */ = {isa = PBXFileReference; includeInIndex = 1; lastKnownFileType = text.xcconfig; name = "Pods-GatheRunner-GatheRunnerUITests.debug.xcconfig"; path = "Target Support Files/Pods-GatheRunner-GatheRunnerUITests/Pods-GatheRunner-GatheRunnerUITests.debug.xcconfig"; sourceTree = "<group>"; };
		74F3E5D65BF8160E66CE0901 /* Pods_GatheRunner_GatheRunnerUITests.framework */ = {isa = PBXFileReference; explicitFileType = wrapper.framework; includeInIndex = 0; path = Pods_GatheRunner_GatheRunnerUITests.framework; sourceTree = BUILT_PRODUCTS_DIR; };
		75848D194E0D75CB55FC6E7D /* Pods-GatheRunnerTests.release.xcconfig */ = {isa = PBXFileReference; includeInIndex = 1; lastKnownFileType = text.xcconfig; name = "Pods-GatheRunnerTests.release.xcconfig"; path = "Target Support Files/Pods-GatheRunnerTests/Pods-GatheRunnerTests.release.xcconfig"; sourceTree = "<group>"; };
		A1FBD7301BD3249E41A5E419 /* Pods-GatheRunnerTests.debug.xcconfig */ = {isa = PBXFileReference; includeInIndex = 1; lastKnownFileType = text.xcconfig; name = "Pods-GatheRunnerTests.debug.xcconfig"; path = "Target Support Files/Pods-GatheRunnerTests/Pods-GatheRunnerTests.debug.xcconfig"; sourceTree = "<group>"; };
		D942972FC8ABC3559B78D5FF /* Pods-GatheRunner.debug.xcconfig */ = {isa = PBXFileReference; includeInIndex = 1; lastKnownFileType = text.xcconfig; name = "Pods-GatheRunner.debug.xcconfig"; path = "Target Support Files/Pods-GatheRunner/Pods-GatheRunner.debug.xcconfig"; sourceTree = "<group>"; };
		DA098D2628F802320053140F /* CardView.swift */ = {isa = PBXFileReference; lastKnownFileType = sourcecode.swift; path = CardView.swift; sourceTree = "<group>"; };
		DA18732B28F9BD26009D23F7 /* SelectedButtonMemory.swift */ = {isa = PBXFileReference; lastKnownFileType = sourcecode.swift; path = SelectedButtonMemory.swift; sourceTree = "<group>"; };
		DA2FFD3C28A8B33B006291CE /* .swiftlint.yml */ = {isa = PBXFileReference; lastKnownFileType = text.yaml; path = .swiftlint.yml; sourceTree = "<group>"; };
		DA33695728790DBE00FA13AE /* JustStartView.swift */ = {isa = PBXFileReference; lastKnownFileType = sourcecode.swift; path = JustStartView.swift; sourceTree = "<group>"; };
		DA33695928790E0C00FA13AE /* RunningGuideView.swift */ = {isa = PBXFileReference; lastKnownFileType = sourcecode.swift; path = RunningGuideView.swift; sourceTree = "<group>"; };
		DA5165A628A8B3E60024BE22 /* .swiftformat */ = {isa = PBXFileReference; lastKnownFileType = text; path = .swiftformat; sourceTree = "<group>"; };
		DA5842182893C22F00554B5D /* View+Extensions.swift */ = {isa = PBXFileReference; lastKnownFileType = sourcecode.swift; path = "View+Extensions.swift"; sourceTree = "<group>"; };
		DA58421A2893C24A00554B5D /* Array+Extensions.swift */ = {isa = PBXFileReference; lastKnownFileType = sourcecode.swift; path = "Array+Extensions.swift"; sourceTree = "<group>"; };
		DA58421D2893C27700554B5D /* RunGuideViewModel.swift */ = {isa = PBXFileReference; lastKnownFileType = sourcecode.swift; path = RunGuideViewModel.swift; sourceTree = "<group>"; };
		DA694A7E28F72E6800A02EEE /* RunGuideDescriptionView.swift */ = {isa = PBXFileReference; lastKnownFileType = sourcecode.swift; path = RunGuideDescriptionView.swift; sourceTree = "<group>"; };
		DA7D5E7628F73A5F0066B2C6 /* RunGuideTabView.swift */ = {isa = PBXFileReference; lastKnownFileType = sourcecode.swift; path = RunGuideTabView.swift; sourceTree = "<group>"; };
		DA7D5E7A28F740D90066B2C6 /* MapView.swift */ = {isa = PBXFileReference; lastKnownFileType = sourcecode.swift; path = MapView.swift; sourceTree = "<group>"; };
		DA7E241728BB031F00046BFB /* GoogleService-Info.plist */ = {isa = PBXFileReference; fileEncoding = 4; lastKnownFileType = text.plist.xml; path = "GoogleService-Info.plist"; sourceTree = "<group>"; };
		DAE12F5C28D346FC00C328EA /* RunGuideItem.swift */ = {isa = PBXFileReference; fileEncoding = 4; lastKnownFileType = sourcecode.swift; path = RunGuideItem.swift; sourceTree = "<group>"; };
		DAEA930E28794F6F00349465 /* Info.plist */ = {isa = PBXFileReference; lastKnownFileType = text.plist; path = Info.plist; sourceTree = "<group>"; };
		DAEA9314287AED7200349465 /* RunGuideExperienceTabItem.swift */ = {isa = PBXFileReference; lastKnownFileType = sourcecode.swift; path = RunGuideExperienceTabItem.swift; sourceTree = "<group>"; };
		DAEA9319287D184900349465 /* BottomButtonView.swift */ = {isa = PBXFileReference; lastKnownFileType = sourcecode.swift; path = BottomButtonView.swift; sourceTree = "<group>"; };
		DB051390292BDE7B00BE218B /* Date+Extension.swift */ = {isa = PBXFileReference; lastKnownFileType = sourcecode.swift; path = "Date+Extension.swift"; sourceTree = "<group>"; };
		DB1870D829212E8B00C51095 /* ResultMapView.swift */ = {isa = PBXFileReference; lastKnownFileType = sourcecode.swift; path = ResultMapView.swift; sourceTree = "<group>"; };
		DB198DA7288F76FF002513A9 /* HeaderView.swift */ = {isa = PBXFileReference; fileEncoding = 4; lastKnownFileType = sourcecode.swift; path = HeaderView.swift; sourceTree = "<group>"; };
		DB6C6E702929087100C18C37 /* MapWithPolyline.swift */ = {isa = PBXFileReference; lastKnownFileType = sourcecode.swift; path = MapWithPolyline.swift; sourceTree = "<group>"; };
		DBD4C52E28F3DFD1000E28D0 /* HistoryItem.swift */ = {isa = PBXFileReference; lastKnownFileType = sourcecode.swift; path = HistoryItem.swift; sourceTree = "<group>"; };
		DBD4C53028F3DFE0000E28D0 /* HistoryList.swift */ = {isa = PBXFileReference; lastKnownFileType = sourcecode.swift; path = HistoryList.swift; sourceTree = "<group>"; };
		E305671028B75B6600DFA1C4 /* LocationManager.swift */ = {isa = PBXFileReference; lastKnownFileType = sourcecode.swift; path = LocationManager.swift; sourceTree = "<group>"; };
		E305671228B75BA200DFA1C4 /* Int+Extensions.swift */ = {isa = PBXFileReference; lastKnownFileType = sourcecode.swift; path = "Int+Extensions.swift"; sourceTree = "<group>"; };
		E31D525F2927A6040067DF48 /* AuthRequest.swift */ = {isa = PBXFileReference; lastKnownFileType = sourcecode.swift; path = AuthRequest.swift; sourceTree = "<group>"; };
		E31D52612927A6280067DF48 /* FirebaseAuthResponseDTO.swift */ = {isa = PBXFileReference; lastKnownFileType = sourcecode.swift; path = FirebaseAuthResponseDTO.swift; sourceTree = "<group>"; };
		E31D52632927A63C0067DF48 /* FirebaseAuthRequestDTO.swift */ = {isa = PBXFileReference; lastKnownFileType = sourcecode.swift; path = FirebaseAuthRequestDTO.swift; sourceTree = "<group>"; };
		E32716CD290D560A005FA430 /* Encodable+ToDictionary.swift */ = {isa = PBXFileReference; lastKnownFileType = sourcecode.swift; path = "Encodable+ToDictionary.swift"; sourceTree = "<group>"; };
		E32D47B0292CEA1A001CCE61 /* MapWithPolyline.swift */ = {isa = PBXFileReference; lastKnownFileType = sourcecode.swift; path = MapWithPolyline.swift; sourceTree = "<group>"; };
		E32D47B1292CEA1A001CCE61 /* ResultMapView.swift */ = {isa = PBXFileReference; lastKnownFileType = sourcecode.swift; path = ResultMapView.swift; sourceTree = "<group>"; };
		E335FAF828B7610300835F72 /* SelectedTab.swift */ = {isa = PBXFileReference; lastKnownFileType = sourcecode.swift; path = SelectedTab.swift; sourceTree = "<group>"; };
		E33663E2292CD2E200E41E28 /* RepositoriesContainer.swift */ = {isa = PBXFileReference; lastKnownFileType = sourcecode.swift; path = RepositoriesContainer.swift; sourceTree = "<group>"; };
		E33663E4292CD2F700E41E28 /* ViewModelsContainer.swift */ = {isa = PBXFileReference; lastKnownFileType = sourcecode.swift; path = ViewModelsContainer.swift; sourceTree = "<group>"; };
		E33663E6292CD6EE00E41E28 /* AppEnvironment.swift */ = {isa = PBXFileReference; lastKnownFileType = sourcecode.swift; path = AppEnvironment.swift; sourceTree = "<group>"; };
		E33663E8292CD72900E41E28 /* DependencyContainer.swift */ = {isa = PBXFileReference; lastKnownFileType = sourcecode.swift; path = DependencyContainer.swift; sourceTree = "<group>"; };
		E3435A00292281F500B65D48 /* UserRepository.swift */ = {isa = PBXFileReference; lastKnownFileType = sourcecode.swift; path = UserRepository.swift; sourceTree = "<group>"; };
		E3435A022922820D00B65D48 /* FirebaseUserRepository.swift */ = {isa = PBXFileReference; lastKnownFileType = sourcecode.swift; path = FirebaseUserRepository.swift; sourceTree = "<group>"; };
		E3435A042922825300B65D48 /* AuthResponse.swift */ = {isa = PBXFileReference; lastKnownFileType = sourcecode.swift; path = AuthResponse.swift; sourceTree = "<group>"; };
		E3438C3B28D74B260003591F /* FieldStyle.swift */ = {isa = PBXFileReference; lastKnownFileType = sourcecode.swift; path = FieldStyle.swift; sourceTree = "<group>"; };
		E345254A291E25DB00E2FA38 /* FirebaseAPIManager+Auth.swift */ = {isa = PBXFileReference; lastKnownFileType = sourcecode.swift; path = "FirebaseAPIManager+Auth.swift"; sourceTree = "<group>"; };
		E3452550291E264000E2FA38 /* AuthResponse.swift */ = {isa = PBXFileReference; lastKnownFileType = sourcecode.swift; path = AuthResponse.swift; sourceTree = "<group>"; };
		E34F7B68292D0A6C00BCC6FE /* DependencyContainer.swift */ = {isa = PBXFileReference; lastKnownFileType = sourcecode.swift; path = DependencyContainer.swift; sourceTree = "<group>"; };
		E34F7B69292D0A6C00BCC6FE /* RepositoriesContainer.swift */ = {isa = PBXFileReference; lastKnownFileType = sourcecode.swift; path = RepositoriesContainer.swift; sourceTree = "<group>"; };
		E34F7B6A292D0A6C00BCC6FE /* ViewModelsContainer.swift */ = {isa = PBXFileReference; lastKnownFileType = sourcecode.swift; path = ViewModelsContainer.swift; sourceTree = "<group>"; };
		E350EA1528AD2DCC00F85FA1 /* Int+Extensions.swift */ = {isa = PBXFileReference; lastKnownFileType = sourcecode.swift; path = "Int+Extensions.swift"; sourceTree = "<group>"; };
		E350EA1728AE196000F85FA1 /* Toggle+IconStyle.swift */ = {isa = PBXFileReference; lastKnownFileType = sourcecode.swift; path = "Toggle+IconStyle.swift"; sourceTree = "<group>"; };
		E351783928ABC9E50088003B /* RunningRecordView.swift */ = {isa = PBXFileReference; lastKnownFileType = sourcecode.swift; path = RunningRecordView.swift; sourceTree = "<group>"; };
		E355960F28D45ECB00AF0FBD /* AuthenticationView.swift */ = {isa = PBXFileReference; lastKnownFileType = sourcecode.swift; path = AuthenticationView.swift; sourceTree = "<group>"; };
		E355961228D4651900AF0FBD /* AuthenticationViewModel.swift */ = {isa = PBXFileReference; lastKnownFileType = sourcecode.swift; path = AuthenticationViewModel.swift; sourceTree = "<group>"; };
		E35EFEBC286DFB2D003E23DE /* RunningView.swift */ = {isa = PBXFileReference; fileEncoding = 4; lastKnownFileType = sourcecode.swift; path = RunningView.swift; sourceTree = "<group>"; };
		E35EFEBE286DFB2D003E23DE /* TabItem.swift */ = {isa = PBXFileReference; fileEncoding = 4; lastKnownFileType = sourcecode.swift; path = TabItem.swift; sourceTree = "<group>"; };
		E35EFEC1286DFB2D003E23DE /* ActivityView.swift */ = {isa = PBXFileReference; fileEncoding = 4; lastKnownFileType = sourcecode.swift; path = ActivityView.swift; sourceTree = "<group>"; };
		E35EFEC3286DFB2D003E23DE /* MainTabView.swift */ = {isa = PBXFileReference; fileEncoding = 4; lastKnownFileType = sourcecode.swift; path = MainTabView.swift; sourceTree = "<group>"; };
		E3607CD12923C1DF0018B2C2 /* LongPressTypeAlertModifier.swift */ = {isa = PBXFileReference; lastKnownFileType = sourcecode.swift; path = LongPressTypeAlertModifier.swift; sourceTree = "<group>"; };
		E3607CD32923C25E0018B2C2 /* ImageStyle.swift */ = {isa = PBXFileReference; lastKnownFileType = sourcecode.swift; path = ImageStyle.swift; sourceTree = "<group>"; };
		E366F40C29113F1B00D474DA /* Encodable+Queries.swift */ = {isa = PBXFileReference; lastKnownFileType = sourcecode.swift; path = "Encodable+Queries.swift"; sourceTree = "<group>"; };
		E3708FDB289B8F49004FF0C1 /* TabBarButton.swift */ = {isa = PBXFileReference; lastKnownFileType = sourcecode.swift; path = TabBarButton.swift; sourceTree = "<group>"; };
		E3708FF0289BBEE6004FF0C1 /* EmptyModifier.swift */ = {isa = PBXFileReference; lastKnownFileType = sourcecode.swift; path = EmptyModifier.swift; sourceTree = "<group>"; };
		E38C3AA4291546BA00F0B104 /* OptionNameSpaces.swift */ = {isa = PBXFileReference; fileEncoding = 4; lastKnownFileType = sourcecode.swift; path = OptionNameSpaces.swift; sourceTree = "<group>"; };
		E38C3AA7291546BA00F0B104 /* FireStoreRequest.swift */ = {isa = PBXFileReference; fileEncoding = 4; lastKnownFileType = sourcecode.swift; path = FireStoreRequest.swift; sourceTree = "<group>"; };
		E38C3AA9291546BA00F0B104 /* FirebaseAPIManager.swift */ = {isa = PBXFileReference; fileEncoding = 4; lastKnownFileType = sourcecode.swift; path = FirebaseAPIManager.swift; sourceTree = "<group>"; };
		E38C3AAB291546BA00F0B104 /* JSONDecoder+Decode.swift */ = {isa = PBXFileReference; fileEncoding = 4; lastKnownFileType = sourcecode.swift; path = "JSONDecoder+Decode.swift"; sourceTree = "<group>"; };
		E38C3AAC291546BA00F0B104 /* Encodable+Queries.swift */ = {isa = PBXFileReference; fileEncoding = 4; lastKnownFileType = sourcecode.swift; path = "Encodable+Queries.swift"; sourceTree = "<group>"; };
		E38C3AAD291546BA00F0B104 /* Firestore+Combine.swift */ = {isa = PBXFileReference; fileEncoding = 4; lastKnownFileType = sourcecode.swift; path = "Firestore+Combine.swift"; sourceTree = "<group>"; };
		E38C3AAE291546BA00F0B104 /* Encodable+ToDictionary.swift */ = {isa = PBXFileReference; fileEncoding = 4; lastKnownFileType = sourcecode.swift; path = "Encodable+ToDictionary.swift"; sourceTree = "<group>"; };
		E38C3AAF291546BA00F0B104 /* Query+AddQueries.swift */ = {isa = PBXFileReference; fileEncoding = 4; lastKnownFileType = sourcecode.swift; path = "Query+AddQueries.swift"; sourceTree = "<group>"; };
		E399CA7829338BA100ACFCFA /* ManagersContainer.swift */ = {isa = PBXFileReference; lastKnownFileType = sourcecode.swift; path = ManagersContainer.swift; sourceTree = "<group>"; };
		E3D349D3286C20D200618AC3 /* GatheRunner.app */ = {isa = PBXFileReference; explicitFileType = wrapper.application; includeInIndex = 0; path = GatheRunner.app; sourceTree = BUILT_PRODUCTS_DIR; };
		E3D349D6286C20D200618AC3 /* GatheRunnerApp.swift */ = {isa = PBXFileReference; lastKnownFileType = sourcecode.swift; path = GatheRunnerApp.swift; sourceTree = "<group>"; };
		E3D349D8286C20D200618AC3 /* MainTabView.swift */ = {isa = PBXFileReference; lastKnownFileType = sourcecode.swift; path = MainTabView.swift; sourceTree = "<group>"; };
		E3D349DA286C20D500618AC3 /* Assets.xcassets */ = {isa = PBXFileReference; lastKnownFileType = folder.assetcatalog; path = Assets.xcassets; sourceTree = "<group>"; };
		E3D349DD286C20D500618AC3 /* Preview Assets.xcassets */ = {isa = PBXFileReference; lastKnownFileType = folder.assetcatalog; path = "Preview Assets.xcassets"; sourceTree = "<group>"; };
		E3D349E3286C20D500618AC3 /* GatheRunnerTests.xctest */ = {isa = PBXFileReference; explicitFileType = wrapper.cfbundle; includeInIndex = 0; path = GatheRunnerTests.xctest; sourceTree = BUILT_PRODUCTS_DIR; };
		E3D349E7286C20D500618AC3 /* GatheRunnerTests.swift */ = {isa = PBXFileReference; lastKnownFileType = sourcecode.swift; path = GatheRunnerTests.swift; sourceTree = "<group>"; };
		E3D349ED286C20D500618AC3 /* GatheRunnerUITests.xctest */ = {isa = PBXFileReference; explicitFileType = wrapper.cfbundle; includeInIndex = 0; path = GatheRunnerUITests.xctest; sourceTree = BUILT_PRODUCTS_DIR; };
		E3D349F1286C20D500618AC3 /* GatheRunnerUITests.swift */ = {isa = PBXFileReference; lastKnownFileType = sourcecode.swift; path = GatheRunnerUITests.swift; sourceTree = "<group>"; };
		E3D349F3286C20D500618AC3 /* GatheRunnerUITestsLaunchTests.swift */ = {isa = PBXFileReference; lastKnownFileType = sourcecode.swift; path = GatheRunnerUITestsLaunchTests.swift; sourceTree = "<group>"; };
		E3D34A08286C282D00618AC3 /* HomeView.swift */ = {isa = PBXFileReference; lastKnownFileType = sourcecode.swift; path = HomeView.swift; sourceTree = "<group>"; };
		E3D34A10286C352200618AC3 /* TabItem.swift */ = {isa = PBXFileReference; lastKnownFileType = sourcecode.swift; path = TabItem.swift; sourceTree = "<group>"; };
		E3D34A12286C3ABA00618AC3 /* RunningView.swift */ = {isa = PBXFileReference; lastKnownFileType = sourcecode.swift; path = RunningView.swift; sourceTree = "<group>"; };
		E3D34A16286C414100618AC3 /* ClubView.swift */ = {isa = PBXFileReference; lastKnownFileType = sourcecode.swift; path = ClubView.swift; sourceTree = "<group>"; };
		E3D34A18286C415E00618AC3 /* ActivityView.swift */ = {isa = PBXFileReference; lastKnownFileType = sourcecode.swift; path = ActivityView.swift; sourceTree = "<group>"; };
		E3D34A20286C7C3100618AC3 /* TabItem+MainOption.swift */ = {isa = PBXFileReference; lastKnownFileType = sourcecode.swift; path = "TabItem+MainOption.swift"; sourceTree = "<group>"; };
		E3DA2F5228B7607F001E9220 /* Constants.swift */ = {isa = PBXFileReference; lastKnownFileType = sourcecode.swift; path = Constants.swift; sourceTree = "<group>"; };
		E3DA2F5528B7607F001E9220 /* Alignment+Extention.swift */ = {isa = PBXFileReference; lastKnownFileType = sourcecode.swift; path = "Alignment+Extention.swift"; sourceTree = "<group>"; };
		E3DA2F5628B7607F001E9220 /* GatherNaviBar.swift */ = {isa = PBXFileReference; lastKnownFileType = sourcecode.swift; path = GatherNaviBar.swift; sourceTree = "<group>"; };
		E3DA2F5728B7607F001E9220 /* TouchLocationView.swift */ = {isa = PBXFileReference; lastKnownFileType = sourcecode.swift; path = TouchLocationView.swift; sourceTree = "<group>"; };
		E3E748082892837700F40457 /* RunSplashScreen.swift */ = {isa = PBXFileReference; lastKnownFileType = sourcecode.swift; path = RunSplashScreen.swift; sourceTree = "<group>"; };
		E3E7480A289284B200F40457 /* TextStyle.swift */ = {isa = PBXFileReference; lastKnownFileType = sourcecode.swift; path = TextStyle.swift; sourceTree = "<group>"; };
		E3F5989F292A0E2200023097 /* MainTabComponents.swift */ = {isa = PBXFileReference; lastKnownFileType = sourcecode.swift; path = MainTabComponents.swift; sourceTree = "<group>"; };
		E3F83E6928AF641D000CA1B5 /* MeasurementViewUITests.swift */ = {isa = PBXFileReference; lastKnownFileType = sourcecode.swift; path = MeasurementViewUITests.swift; sourceTree = "<group>"; };
		E3FE02FA28D49749008A9B91 /* String+isValid.swift */ = {isa = PBXFileReference; lastKnownFileType = sourcecode.swift; path = "String+isValid.swift"; sourceTree = "<group>"; };
		E532B14686B661EA8EC46FEF /* Pods_GatheRunner.framework */ = {isa = PBXFileReference; explicitFileType = wrapper.framework; includeInIndex = 0; path = Pods_GatheRunner.framework; sourceTree = BUILT_PRODUCTS_DIR; };
		E85FF54628F6857700C197CA /* History.swift */ = {isa = PBXFileReference; lastKnownFileType = sourcecode.swift; path = History.swift; sourceTree = "<group>"; };
		E85FF54828F6867C00C197CA /* AverageHistory.swift */ = {isa = PBXFileReference; lastKnownFileType = sourcecode.swift; path = AverageHistory.swift; sourceTree = "<group>"; };
		EA3D3F8928D07C1000D78D28 /* PeriodView.swift */ = {isa = PBXFileReference; fileEncoding = 4; lastKnownFileType = sourcecode.swift; path = PeriodView.swift; sourceTree = "<group>"; };
		EA3D3F8A28D07C1000D78D28 /* GraphView.swift */ = {isa = PBXFileReference; fileEncoding = 4; lastKnownFileType = sourcecode.swift; path = GraphView.swift; sourceTree = "<group>"; };
		EA3D3F8B28D07C1000D78D28 /* Graph.swift */ = {isa = PBXFileReference; fileEncoding = 4; lastKnownFileType = sourcecode.swift; path = Graph.swift; sourceTree = "<group>"; };
		EA3D3F8C28D07C1000D78D28 /* SimplifiedStatistics.swift */ = {isa = PBXFileReference; fileEncoding = 4; lastKnownFileType = sourcecode.swift; path = SimplifiedStatistics.swift; sourceTree = "<group>"; };
		EA4D0FE628B634C00005A5F3 /* EmptyActivityView.swift */ = {isa = PBXFileReference; lastKnownFileType = sourcecode.swift; path = EmptyActivityView.swift; sourceTree = "<group>"; };
		EA4D0FE828B63B210005A5F3 /* ActivityHistoryView.swift */ = {isa = PBXFileReference; lastKnownFileType = sourcecode.swift; path = ActivityHistoryView.swift; sourceTree = "<group>"; };
		EA5E279128B604B7004C0798 /* GraphViewModel.swift */ = {isa = PBXFileReference; fileEncoding = 4; lastKnownFileType = sourcecode.swift; path = GraphViewModel.swift; sourceTree = "<group>"; };
		EA7913B728D6EA7000F889E5 /* GraphBottomSheetView.swift */ = {isa = PBXFileReference; lastKnownFileType = sourcecode.swift; path = GraphBottomSheetView.swift; sourceTree = "<group>"; };
/* End PBXFileReference section */

/* Begin PBXFrameworksBuildPhase section */
		E3D349D0286C20D200618AC3 /* Frameworks */ = {
			isa = PBXFrameworksBuildPhase;
			buildActionMask = 2147483647;
			files = (
				D038E0DE9807E434F1BB41EE /* Pods_GatheRunner.framework in Frameworks */,
			);
			runOnlyForDeploymentPostprocessing = 0;
		};
		E3D349E0286C20D500618AC3 /* Frameworks */ = {
			isa = PBXFrameworksBuildPhase;
			buildActionMask = 2147483647;
			files = (
				9B5095EDA536B973CF0EB609 /* Pods_GatheRunnerTests.framework in Frameworks */,
			);
			runOnlyForDeploymentPostprocessing = 0;
		};
		E3D349EA286C20D500618AC3 /* Frameworks */ = {
			isa = PBXFrameworksBuildPhase;
			buildActionMask = 2147483647;
			files = (
				19AB858B6A67A1FD7E20CE20 /* Pods_GatheRunner_GatheRunnerUITests.framework in Frameworks */,
			);
			runOnlyForDeploymentPostprocessing = 0;
		};
/* End PBXFrameworksBuildPhase section */

/* Begin PBXGroup section */
		242D9D52C7267E361AEBDCF3 /* Pods */ = {
			isa = PBXGroup;
			children = (
				D942972FC8ABC3559B78D5FF /* Pods-GatheRunner.debug.xcconfig */,
				23E6AD997E8908FB2955C064 /* Pods-GatheRunner.release.xcconfig */,
				3868EFEEEC4621DAB4C4BABD /* Pods-GatheRunner-GatheRunnerUITests.debug.xcconfig */,
				03EBBC3850C49984862875E4 /* Pods-GatheRunner-GatheRunnerUITests.release.xcconfig */,
				A1FBD7301BD3249E41A5E419 /* Pods-GatheRunnerTests.debug.xcconfig */,
				75848D194E0D75CB55FC6E7D /* Pods-GatheRunnerTests.release.xcconfig */,
			);
			path = Pods;
			sourceTree = "<group>";
		};
		B89132CFF4951DA049D3CCAA /* Frameworks */ = {
			isa = PBXGroup;
			children = (
				E532B14686B661EA8EC46FEF /* Pods_GatheRunner.framework */,
				74F3E5D65BF8160E66CE0901 /* Pods_GatheRunner_GatheRunnerUITests.framework */,
				3471F89BB819ED6185DCE2BC /* Pods_GatheRunnerTests.framework */,
			);
			name = Frameworks;
			sourceTree = "<group>";
		};
		DA098D2928F818750053140F /* JustStartView */ = {
			isa = PBXGroup;
			children = (
				DA33695728790DBE00FA13AE /* JustStartView.swift */,
				DA7D5E7A28F740D90066B2C6 /* MapView.swift */,
				DA7D5E7628F73A5F0066B2C6 /* RunGuideTabView.swift */,
				DAEA9319287D184900349465 /* BottomButtonView.swift */,
			);
			path = JustStartView;
			sourceTree = "<group>";
		};
		DA098D2A28F8189E0053140F /* RunGuideView */ = {
			isa = PBXGroup;
			children = (
				DA33695928790E0C00FA13AE /* RunningGuideView.swift */,
				DA694A7E28F72E6800A02EEE /* RunGuideDescriptionView.swift */,
				DA098D2628F802320053140F /* CardView.swift */,
			);
			path = RunGuideView;
			sourceTree = "<group>";
		};
		DA098D2D28F8470F0053140F /* Views */ = {
			isa = PBXGroup;
			children = (
				DA098D2E28F8615C0053140F /* RunningView */,
				DA098D2928F818750053140F /* JustStartView */,
				DA098D2A28F8189E0053140F /* RunGuideView */,
			);
			path = Views;
			sourceTree = "<group>";
		};
		DA098D2E28F8615C0053140F /* RunningView */ = {
			isa = PBXGroup;
			children = (
				E35EFEBC286DFB2D003E23DE /* RunningView.swift */,
				E3E748082892837700F40457 /* RunSplashScreen.swift */,
				E351783928ABC9E50088003B /* RunningRecordView.swift */,
			);
			path = RunningView;
			sourceTree = "<group>";
		};
		DA5842172893C21800554B5D /* Extension */ = {
			isa = PBXGroup;
			children = (
				E305671228B75BA200DFA1C4 /* Int+Extensions.swift */,
				DA5842182893C22F00554B5D /* View+Extensions.swift */,
				DA58421A2893C24A00554B5D /* Array+Extensions.swift */,
				E3FE02FA28D49749008A9B91 /* String+isValid.swift */,
			);
			path = Extension;
			sourceTree = "<group>";
		};
		DA58421C2893C26200554B5D /* ViewModel */ = {
			isa = PBXGroup;
			children = (
				DA58421D2893C27700554B5D /* RunGuideViewModel.swift */,
			);
			path = ViewModel;
			sourceTree = "<group>";
		};
		DA5842242893C2E700554B5D /* TabItem */ = {
			isa = PBXGroup;
			children = (
				DAEA9314287AED7200349465 /* RunGuideExperienceTabItem.swift */,
			);
			path = TabItem;
			sourceTree = "<group>";
		};
		DB198DAD288F7908002513A9 /* Utils */ = {
			isa = PBXGroup;
			children = (
				E3DA2F5328B7607F001E9220 /* Environment */,
				E3DA2F5528B7607F001E9220 /* Alignment+Extention.swift */,
				E3DA2F5228B7607F001E9220 /* Constants.swift */,
				E3DA2F5628B7607F001E9220 /* GatherNaviBar.swift */,
				E3DA2F5728B7607F001E9220 /* TouchLocationView.swift */,
				E305671028B75B6600DFA1C4 /* LocationManager.swift */,
				DB051390292BDE7B00BE218B /* Date+Extension.swift */,
			);
			path = Utils;
			sourceTree = "<group>";
		};
		DBD4C52D28F3DFBC000E28D0 /* ActivityHistory */ = {
			isa = PBXGroup;
			children = (
				DBD4C52E28F3DFD1000E28D0 /* HistoryItem.swift */,
				DBD4C53028F3DFE0000E28D0 /* HistoryList.swift */,
			);
			path = ActivityHistory;
			sourceTree = "<group>";
		};
		E32D47AF292CEA1A001CCE61 /* Map */ = {
			isa = PBXGroup;
			children = (
				E32D47B0292CEA1A001CCE61 /* MapWithPolyline.swift */,
				E32D47B1292CEA1A001CCE61 /* ResultMapView.swift */,
			);
			path = Map;
			sourceTree = "<group>";
		};
		E34359FE292281D100B65D48 /* Repositories */ = {
			isa = PBXGroup;
			children = (
				E34359FF292281E500B65D48 /* Common */,
				E3435A022922820D00B65D48 /* FirebaseUserRepository.swift */,
			);
			path = Repositories;
			sourceTree = "<group>";
		};
		E34359FF292281E500B65D48 /* Common */ = {
			isa = PBXGroup;
			children = (
				E3435A00292281F500B65D48 /* UserRepository.swift */,
			);
			path = Common;
			sourceTree = "<group>";
		};
		E34F7B67292D0A6C00BCC6FE /* Injected */ = {
			isa = PBXGroup;
			children = (
				E34F7B68292D0A6C00BCC6FE /* DependencyContainer.swift */,
				E34F7B69292D0A6C00BCC6FE /* RepositoriesContainer.swift */,
				E399CA7829338BA100ACFCFA /* ManagersContainer.swift */,
				E34F7B6A292D0A6C00BCC6FE /* ViewModelsContainer.swift */,
			);
			path = Injected;
			sourceTree = "<group>";
		};
		E355960E28D45E8200AF0FBD /* Authentication */ = {
			isa = PBXGroup;
			children = (
				E355961128D4650400AF0FBD /* ViewModel */,
				E355960F28D45ECB00AF0FBD /* AuthenticationView.swift */,
			);
			path = Authentication;
			sourceTree = "<group>";
		};
		E355961128D4650400AF0FBD /* ViewModel */ = {
			isa = PBXGroup;
			children = (
				E355961228D4651900AF0FBD /* AuthenticationViewModel.swift */,
			);
			path = ViewModel;
			sourceTree = "<group>";
		};
		E35EFEB5286DFAE8003E23DE /* Recovered References */ = {
			isa = PBXGroup;
			children = (
				E3D34A16286C414100618AC3 /* ClubView.swift */,
				E3D34A08286C282D00618AC3 /* HomeView.swift */,
				E3D34A20286C7C3100618AC3 /* TabItem+MainOption.swift */,
				E3D34A12286C3ABA00618AC3 /* RunningView.swift */,
				E3D349D8286C20D200618AC3 /* MainTabView.swift */,
				E3D34A18286C415E00618AC3 /* ActivityView.swift */,
				E3D34A10286C352200618AC3 /* TabItem.swift */,
				E350EA1528AD2DCC00F85FA1 /* Int+Extensions.swift */,
				E366F40C29113F1B00D474DA /* Encodable+Queries.swift */,
				E32716CD290D560A005FA430 /* Encodable+ToDictionary.swift */,
				E3435A042922825300B65D48 /* AuthResponse.swift */,
				DB1870D829212E8B00C51095 /* ResultMapView.swift */,
				DB6C6E702929087100C18C37 /* MapWithPolyline.swift */,
				E33663E8292CD72900E41E28 /* DependencyContainer.swift */,
				E33663E2292CD2E200E41E28 /* RepositoriesContainer.swift */,
				E33663E4292CD2F700E41E28 /* ViewModelsContainer.swift */,
			);
			name = "Recovered References";
			sourceTree = "<group>";
		};
		E35EFEB6286DFB2D003E23DE /* Presentaion */ = {
			isa = PBXGroup;
			children = (
				E35EFEBD286DFB2D003E23DE /* Commons */,
				E32D47AF292CEA1A001CCE61 /* Map */,
				E35EFEC2286DFB2D003E23DE /* MainTab */,
				E355960E28D45E8200AF0FBD /* Authentication */,
				E35EFEBB286DFB2D003E23DE /* Running */,
				E35EFEC0286DFB2D003E23DE /* Activity */,
			);
			path = Presentaion;
			sourceTree = "<group>";
		};
		E35EFEBB286DFB2D003E23DE /* Running */ = {
			isa = PBXGroup;
			children = (
				EA5E278D28B604A1004C0798 /* Model */,
				DA58421C2893C26200554B5D /* ViewModel */,
				DA5842242893C2E700554B5D /* TabItem */,
				DA098D2D28F8470F0053140F /* Views */,
			);
			path = Running;
			sourceTree = "<group>";
		};
		E35EFEBD286DFB2D003E23DE /* Commons */ = {
			isa = PBXGroup;
			children = (
				DB198DA7288F76FF002513A9 /* HeaderView.swift */,
				E35EFEBE286DFB2D003E23DE /* TabItem.swift */,
				E3F5989F292A0E2200023097 /* MainTabComponents.swift */,
				E335FAF828B7610300835F72 /* SelectedTab.swift */,
			);
			path = Commons;
			sourceTree = "<group>";
		};
		E35EFEC0286DFB2D003E23DE /* Activity */ = {
			isa = PBXGroup;
			children = (
				E85FF54528F6856800C197CA /* Model */,
				DBD4C52D28F3DFBC000E28D0 /* ActivityHistory */,
				EA7913B628D6EA5900F889E5 /* Picker */,
				EA3D3F8828D07C0000D78D28 /* Graph */,
				EA5E279028B604B7004C0798 /* ViewModel */,
				E35EFEC1286DFB2D003E23DE /* ActivityView.swift */,
				EA4D0FE628B634C00005A5F3 /* EmptyActivityView.swift */,
				EA4D0FE828B63B210005A5F3 /* ActivityHistoryView.swift */,
			);
			path = Activity;
			sourceTree = "<group>";
		};
		E35EFEC2286DFB2D003E23DE /* MainTab */ = {
			isa = PBXGroup;
			children = (
				E35EFEC3286DFB2D003E23DE /* MainTabView.swift */,
			);
			path = MainTab;
			sourceTree = "<group>";
		};
		E3607CD02923C1B90018B2C2 /* Modifier */ = {
			isa = PBXGroup;
			children = (
				E3708FF0289BBEE6004FF0C1 /* EmptyModifier.swift */,
				E3607CD12923C1DF0018B2C2 /* LongPressTypeAlertModifier.swift */,
			);
			path = Modifier;
			sourceTree = "<group>";
		};
		E38C3AA2291546BA00F0B104 /* Data */ = {
			isa = PBXGroup;
			children = (
				E38C3AA3291546BA00F0B104 /* Utils */,
				E38C3AAA291546BA00F0B104 /* Helpers */,
				E38C3AA5291546BA00F0B104 /* DataMapping */,
				E38C3AA8291546BA00F0B104 /* API */,
				E34359FE292281D100B65D48 /* Repositories */,
			);
			path = Data;
			sourceTree = "<group>";
		};
		E38C3AA3291546BA00F0B104 /* Utils */ = {
			isa = PBXGroup;
			children = (
				E38C3AA4291546BA00F0B104 /* OptionNameSpaces.swift */,
			);
			path = Utils;
			sourceTree = "<group>";
		};
		E38C3AA5291546BA00F0B104 /* DataMapping */ = {
			isa = PBXGroup;
			children = (
				E38C3AA6291546BA00F0B104 /* Common */,
				E31D52612927A6280067DF48 /* FirebaseAuthResponseDTO.swift */,
				E31D52632927A63C0067DF48 /* FirebaseAuthRequestDTO.swift */,
			);
			path = DataMapping;
			sourceTree = "<group>";
		};
		E38C3AA6291546BA00F0B104 /* Common */ = {
			isa = PBXGroup;
			children = (
				E38C3AA7291546BA00F0B104 /* FireStoreRequest.swift */,
				E3452550291E264000E2FA38 /* AuthResponse.swift */,
				E31D525F2927A6040067DF48 /* AuthRequest.swift */,
			);
			path = Common;
			sourceTree = "<group>";
		};
		E38C3AA8291546BA00F0B104 /* API */ = {
			isa = PBXGroup;
			children = (
				E38C3AA9291546BA00F0B104 /* FirebaseAPIManager.swift */,
				E345254A291E25DB00E2FA38 /* FirebaseAPIManager+Auth.swift */,
			);
			path = API;
			sourceTree = "<group>";
		};
		E38C3AAA291546BA00F0B104 /* Helpers */ = {
			isa = PBXGroup;
			children = (
				E38C3AAB291546BA00F0B104 /* JSONDecoder+Decode.swift */,
				E38C3AAC291546BA00F0B104 /* Encodable+Queries.swift */,
				E38C3AAD291546BA00F0B104 /* Firestore+Combine.swift */,
				E38C3AAE291546BA00F0B104 /* Encodable+ToDictionary.swift */,
				E38C3AAF291546BA00F0B104 /* Query+AddQueries.swift */,
			);
			path = Helpers;
			sourceTree = "<group>";
		};
		E3D349CA286C20D200618AC3 = {
			isa = PBXGroup;
			children = (
				DA5165A628A8B3E60024BE22 /* .swiftformat */,
				DA2FFD3C28A8B33B006291CE /* .swiftlint.yml */,
				DA7E241728BB031F00046BFB /* GoogleService-Info.plist */,
				E3D349D5286C20D200618AC3 /* GatheRunner */,
				E3D349E6286C20D500618AC3 /* GatheRunnerTests */,
				E3D349F0286C20D500618AC3 /* GatheRunnerUITests */,
				E3D349D4286C20D200618AC3 /* Products */,
				242D9D52C7267E361AEBDCF3 /* Pods */,
				B89132CFF4951DA049D3CCAA /* Frameworks */,
				E35EFEB5286DFAE8003E23DE /* Recovered References */,
			);
			sourceTree = "<group>";
		};
		E3D349D4286C20D200618AC3 /* Products */ = {
			isa = PBXGroup;
			children = (
				E3D349D3286C20D200618AC3 /* GatheRunner.app */,
				E3D349E3286C20D500618AC3 /* GatheRunnerTests.xctest */,
				E3D349ED286C20D500618AC3 /* GatheRunnerUITests.xctest */,
			);
			name = Products;
			sourceTree = "<group>";
		};
		E3D349D5286C20D200618AC3 /* GatheRunner */ = {
			isa = PBXGroup;
			children = (
				DAEA930E28794F6F00349465 /* Info.plist */,
				E3D349D6286C20D200618AC3 /* GatheRunnerApp.swift */,
				DB198DAD288F7908002513A9 /* Utils */,
				E34F7B67292D0A6C00BCC6FE /* Injected */,
				E38C3AA2291546BA00F0B104 /* Data */,
				E35EFEB6286DFB2D003E23DE /* Presentaion */,
				E3D43D732876BEF3004C54C3 /* Helper */,
				E3D34A04286C236300618AC3 /* Resources */,
				E3D349DC286C20D500618AC3 /* Preview Content */,
			);
			path = GatheRunner;
			sourceTree = "<group>";
		};
		E3D349DC286C20D500618AC3 /* Preview Content */ = {
			isa = PBXGroup;
			children = (
				E3D349DD286C20D500618AC3 /* Preview Assets.xcassets */,
			);
			path = "Preview Content";
			sourceTree = "<group>";
		};
		E3D349E6286C20D500618AC3 /* GatheRunnerTests */ = {
			isa = PBXGroup;
			children = (
				E3D349E7286C20D500618AC3 /* GatheRunnerTests.swift */,
			);
			path = GatheRunnerTests;
			sourceTree = "<group>";
		};
		E3D349F0286C20D500618AC3 /* GatheRunnerUITests */ = {
			isa = PBXGroup;
			children = (
				E3D349F1286C20D500618AC3 /* GatheRunnerUITests.swift */,
				E3D349F3286C20D500618AC3 /* GatheRunnerUITestsLaunchTests.swift */,
				E3F83E6928AF641D000CA1B5 /* MeasurementViewUITests.swift */,
			);
			path = GatheRunnerUITests;
			sourceTree = "<group>";
		};
		E3D34A04286C236300618AC3 /* Resources */ = {
			isa = PBXGroup;
			children = (
				E3D349DA286C20D500618AC3 /* Assets.xcassets */,
			);
			path = Resources;
			sourceTree = "<group>";
		};
		E3D43D732876BEF3004C54C3 /* Helper */ = {
			isa = PBXGroup;
			children = (
				DA5842172893C21800554B5D /* Extension */,
				E3D43D742876BF0E004C54C3 /* UI */,
			);
			path = Helper;
			sourceTree = "<group>";
		};
		E3D43D742876BF0E004C54C3 /* UI */ = {
			isa = PBXGroup;
			children = (
				E3607CD02923C1B90018B2C2 /* Modifier */,
				E3D43D752876BF27004C54C3 /* Style */,
			);
			path = UI;
			sourceTree = "<group>";
		};
		E3D43D752876BF27004C54C3 /* Style */ = {
			isa = PBXGroup;
			children = (
				E3E7480A289284B200F40457 /* TextStyle.swift */,
				E3708FDB289B8F49004FF0C1 /* TabBarButton.swift */,
				E350EA1728AE196000F85FA1 /* Toggle+IconStyle.swift */,
				E3438C3B28D74B260003591F /* FieldStyle.swift */,
				E3607CD32923C25E0018B2C2 /* ImageStyle.swift */,
			);
			path = Style;
			sourceTree = "<group>";
		};
		E3DA2F5328B7607F001E9220 /* Environment */ = {
			isa = PBXGroup;
			children = (
				DA18732B28F9BD26009D23F7 /* SelectedButtonMemory.swift */,
			);
			path = Environment;
			sourceTree = "<group>";
		};
		E85FF54528F6856800C197CA /* Model */ = {
			isa = PBXGroup;
			children = (
				E85FF54628F6857700C197CA /* History.swift */,
				E85FF54828F6867C00C197CA /* AverageHistory.swift */,
			);
			path = Model;
			sourceTree = "<group>";
		};
		EA3D3F8828D07C0000D78D28 /* Graph */ = {
			isa = PBXGroup;
			children = (
				EA3D3F8B28D07C1000D78D28 /* Graph.swift */,
				EA3D3F8A28D07C1000D78D28 /* GraphView.swift */,
				EA3D3F8928D07C1000D78D28 /* PeriodView.swift */,
				EA3D3F8C28D07C1000D78D28 /* SimplifiedStatistics.swift */,
			);
			path = Graph;
			sourceTree = "<group>";
		};
		EA5E278D28B604A1004C0798 /* Model */ = {
			isa = PBXGroup;
			children = (
				DAE12F5C28D346FC00C328EA /* RunGuideItem.swift */,
			);
			path = Model;
			sourceTree = "<group>";
		};
		EA5E279028B604B7004C0798 /* ViewModel */ = {
			isa = PBXGroup;
			children = (
				EA5E279128B604B7004C0798 /* GraphViewModel.swift */,
			);
			path = ViewModel;
			sourceTree = "<group>";
		};
		EA7913B628D6EA5900F889E5 /* Picker */ = {
			isa = PBXGroup;
			children = (
				EA7913B728D6EA7000F889E5 /* GraphBottomSheetView.swift */,
			);
			path = Picker;
			sourceTree = "<group>";
		};
/* End PBXGroup section */

/* Begin PBXNativeTarget section */
		E3D349D2286C20D200618AC3 /* GatheRunner */ = {
			isa = PBXNativeTarget;
			buildConfigurationList = E3D349F7286C20D500618AC3 /* Build configuration list for PBXNativeTarget "GatheRunner" */;
			buildPhases = (
				59C1DD9677C32AA916255C28 /* [CP] Check Pods Manifest.lock */,
				DA5165A928A8B4E70024BE22 /* SwiftFormat */,
				DA5165AA28A8B5210024BE22 /* SwiftLint */,
				E3D349CF286C20D200618AC3 /* Sources */,
				E3D349D0286C20D200618AC3 /* Frameworks */,
				E3D349D1286C20D200618AC3 /* Resources */,
				7BE15B206F54AC33DF3B90CA /* [CP] Embed Pods Frameworks */,
			);
			buildRules = (
			);
			dependencies = (
			);
			name = GatheRunner;
			productName = GatheRunner;
			productReference = E3D349D3286C20D200618AC3 /* GatheRunner.app */;
			productType = "com.apple.product-type.application";
		};
		E3D349E2286C20D500618AC3 /* GatheRunnerTests */ = {
			isa = PBXNativeTarget;
			buildConfigurationList = E3D349FA286C20D500618AC3 /* Build configuration list for PBXNativeTarget "GatheRunnerTests" */;
			buildPhases = (
				5F1667294D3A41D4DD0E9B42 /* [CP] Check Pods Manifest.lock */,
				E3D349DF286C20D500618AC3 /* Sources */,
				E3D349E0286C20D500618AC3 /* Frameworks */,
				E3D349E1286C20D500618AC3 /* Resources */,
			);
			buildRules = (
			);
			dependencies = (
				E3D349E5286C20D500618AC3 /* PBXTargetDependency */,
			);
			name = GatheRunnerTests;
			productName = GatheRunnerTests;
			productReference = E3D349E3286C20D500618AC3 /* GatheRunnerTests.xctest */;
			productType = "com.apple.product-type.bundle.unit-test";
		};
		E3D349EC286C20D500618AC3 /* GatheRunnerUITests */ = {
			isa = PBXNativeTarget;
			buildConfigurationList = E3D349FD286C20D500618AC3 /* Build configuration list for PBXNativeTarget "GatheRunnerUITests" */;
			buildPhases = (
				825264BEDD6BB349BEE4CAD6 /* [CP] Check Pods Manifest.lock */,
				E3D349E9286C20D500618AC3 /* Sources */,
				E3D349EA286C20D500618AC3 /* Frameworks */,
				E3D349EB286C20D500618AC3 /* Resources */,
				51A0212BE5B0C74B8E66B4AF /* [CP] Embed Pods Frameworks */,
			);
			buildRules = (
			);
			dependencies = (
				E3D349EF286C20D500618AC3 /* PBXTargetDependency */,
			);
			name = GatheRunnerUITests;
			productName = GatheRunnerUITests;
			productReference = E3D349ED286C20D500618AC3 /* GatheRunnerUITests.xctest */;
			productType = "com.apple.product-type.bundle.ui-testing";
		};
/* End PBXNativeTarget section */

/* Begin PBXProject section */
		E3D349CB286C20D200618AC3 /* Project object */ = {
			isa = PBXProject;
			attributes = {
				BuildIndependentTargetsInParallel = 1;
				LastSwiftUpdateCheck = 1320;
				LastUpgradeCheck = 1320;
				TargetAttributes = {
					E3D349D2286C20D200618AC3 = {
						CreatedOnToolsVersion = 13.2.1;
					};
					E3D349E2286C20D500618AC3 = {
						CreatedOnToolsVersion = 13.2.1;
						TestTargetID = E3D349D2286C20D200618AC3;
					};
					E3D349EC286C20D500618AC3 = {
						CreatedOnToolsVersion = 13.2.1;
						TestTargetID = E3D349D2286C20D200618AC3;
					};
				};
			};
			buildConfigurationList = E3D349CE286C20D200618AC3 /* Build configuration list for PBXProject "GatheRunner" */;
			compatibilityVersion = "Xcode 13.0";
			developmentRegion = en;
			hasScannedForEncodings = 0;
			knownRegions = (
				en,
				Base,
			);
			mainGroup = E3D349CA286C20D200618AC3;
			productRefGroup = E3D349D4286C20D200618AC3 /* Products */;
			projectDirPath = "";
			projectRoot = "";
			targets = (
				E3D349D2286C20D200618AC3 /* GatheRunner */,
				E3D349E2286C20D500618AC3 /* GatheRunnerTests */,
				E3D349EC286C20D500618AC3 /* GatheRunnerUITests */,
			);
		};
/* End PBXProject section */

/* Begin PBXResourcesBuildPhase section */
		E3D349D1286C20D200618AC3 /* Resources */ = {
			isa = PBXResourcesBuildPhase;
			buildActionMask = 2147483647;
			files = (
				DA5165A728A8B3E60024BE22 /* .swiftformat in Resources */,
				DA2FFD3D28A8B33B006291CE /* .swiftlint.yml in Resources */,
				DA7E241828BB031F00046BFB /* GoogleService-Info.plist in Resources */,
				E3D349DE286C20D500618AC3 /* Preview Assets.xcassets in Resources */,
				E3D349DB286C20D500618AC3 /* Assets.xcassets in Resources */,
			);
			runOnlyForDeploymentPostprocessing = 0;
		};
		E3D349E1286C20D500618AC3 /* Resources */ = {
			isa = PBXResourcesBuildPhase;
			buildActionMask = 2147483647;
			files = (
			);
			runOnlyForDeploymentPostprocessing = 0;
		};
		E3D349EB286C20D500618AC3 /* Resources */ = {
			isa = PBXResourcesBuildPhase;
			buildActionMask = 2147483647;
			files = (
			);
			runOnlyForDeploymentPostprocessing = 0;
		};
/* End PBXResourcesBuildPhase section */

/* Begin PBXShellScriptBuildPhase section */
		51A0212BE5B0C74B8E66B4AF /* [CP] Embed Pods Frameworks */ = {
			isa = PBXShellScriptBuildPhase;
			buildActionMask = 2147483647;
			files = (
			);
			inputFileListPaths = (
				"${PODS_ROOT}/Target Support Files/Pods-GatheRunner-GatheRunnerUITests/Pods-GatheRunner-GatheRunnerUITests-frameworks-${CONFIGURATION}-input-files.xcfilelist",
			);
			name = "[CP] Embed Pods Frameworks";
			outputFileListPaths = (
				"${PODS_ROOT}/Target Support Files/Pods-GatheRunner-GatheRunnerUITests/Pods-GatheRunner-GatheRunnerUITests-frameworks-${CONFIGURATION}-output-files.xcfilelist",
			);
			runOnlyForDeploymentPostprocessing = 0;
			shellPath = /bin/sh;
			shellScript = "\"${PODS_ROOT}/Target Support Files/Pods-GatheRunner-GatheRunnerUITests/Pods-GatheRunner-GatheRunnerUITests-frameworks.sh\"\n";
			showEnvVarsInLog = 0;
		};
		59C1DD9677C32AA916255C28 /* [CP] Check Pods Manifest.lock */ = {
			isa = PBXShellScriptBuildPhase;
			buildActionMask = 2147483647;
			files = (
			);
			inputFileListPaths = (
			);
			inputPaths = (
				"${PODS_PODFILE_DIR_PATH}/Podfile.lock",
				"${PODS_ROOT}/Manifest.lock",
			);
			name = "[CP] Check Pods Manifest.lock";
			outputFileListPaths = (
			);
			outputPaths = (
				"$(DERIVED_FILE_DIR)/Pods-GatheRunner-checkManifestLockResult.txt",
			);
			runOnlyForDeploymentPostprocessing = 0;
			shellPath = /bin/sh;
			shellScript = "diff \"${PODS_PODFILE_DIR_PATH}/Podfile.lock\" \"${PODS_ROOT}/Manifest.lock\" > /dev/null\nif [ $? != 0 ] ; then\n    # print error to STDERR\n    echo \"error: The sandbox is not in sync with the Podfile.lock. Run 'pod install' or update your CocoaPods installation.\" >&2\n    exit 1\nfi\n# This output is used by Xcode 'outputs' to avoid re-running this script phase.\necho \"SUCCESS\" > \"${SCRIPT_OUTPUT_FILE_0}\"\n";
			showEnvVarsInLog = 0;
		};
		5F1667294D3A41D4DD0E9B42 /* [CP] Check Pods Manifest.lock */ = {
			isa = PBXShellScriptBuildPhase;
			buildActionMask = 2147483647;
			files = (
			);
			inputFileListPaths = (
			);
			inputPaths = (
				"${PODS_PODFILE_DIR_PATH}/Podfile.lock",
				"${PODS_ROOT}/Manifest.lock",
			);
			name = "[CP] Check Pods Manifest.lock";
			outputFileListPaths = (
			);
			outputPaths = (
				"$(DERIVED_FILE_DIR)/Pods-GatheRunnerTests-checkManifestLockResult.txt",
			);
			runOnlyForDeploymentPostprocessing = 0;
			shellPath = /bin/sh;
			shellScript = "diff \"${PODS_PODFILE_DIR_PATH}/Podfile.lock\" \"${PODS_ROOT}/Manifest.lock\" > /dev/null\nif [ $? != 0 ] ; then\n    # print error to STDERR\n    echo \"error: The sandbox is not in sync with the Podfile.lock. Run 'pod install' or update your CocoaPods installation.\" >&2\n    exit 1\nfi\n# This output is used by Xcode 'outputs' to avoid re-running this script phase.\necho \"SUCCESS\" > \"${SCRIPT_OUTPUT_FILE_0}\"\n";
			showEnvVarsInLog = 0;
		};
		7BE15B206F54AC33DF3B90CA /* [CP] Embed Pods Frameworks */ = {
			isa = PBXShellScriptBuildPhase;
			buildActionMask = 2147483647;
			files = (
			);
			inputFileListPaths = (
				"${PODS_ROOT}/Target Support Files/Pods-GatheRunner/Pods-GatheRunner-frameworks-${CONFIGURATION}-input-files.xcfilelist",
			);
			name = "[CP] Embed Pods Frameworks";
			outputFileListPaths = (
				"${PODS_ROOT}/Target Support Files/Pods-GatheRunner/Pods-GatheRunner-frameworks-${CONFIGURATION}-output-files.xcfilelist",
			);
			runOnlyForDeploymentPostprocessing = 0;
			shellPath = /bin/sh;
			shellScript = "\"${PODS_ROOT}/Target Support Files/Pods-GatheRunner/Pods-GatheRunner-frameworks.sh\"\n";
			showEnvVarsInLog = 0;
		};
		825264BEDD6BB349BEE4CAD6 /* [CP] Check Pods Manifest.lock */ = {
			isa = PBXShellScriptBuildPhase;
			buildActionMask = 2147483647;
			files = (
			);
			inputFileListPaths = (
			);
			inputPaths = (
				"${PODS_PODFILE_DIR_PATH}/Podfile.lock",
				"${PODS_ROOT}/Manifest.lock",
			);
			name = "[CP] Check Pods Manifest.lock";
			outputFileListPaths = (
			);
			outputPaths = (
				"$(DERIVED_FILE_DIR)/Pods-GatheRunner-GatheRunnerUITests-checkManifestLockResult.txt",
			);
			runOnlyForDeploymentPostprocessing = 0;
			shellPath = /bin/sh;
			shellScript = "diff \"${PODS_PODFILE_DIR_PATH}/Podfile.lock\" \"${PODS_ROOT}/Manifest.lock\" > /dev/null\nif [ $? != 0 ] ; then\n    # print error to STDERR\n    echo \"error: The sandbox is not in sync with the Podfile.lock. Run 'pod install' or update your CocoaPods installation.\" >&2\n    exit 1\nfi\n# This output is used by Xcode 'outputs' to avoid re-running this script phase.\necho \"SUCCESS\" > \"${SCRIPT_OUTPUT_FILE_0}\"\n";
			showEnvVarsInLog = 0;
		};
		DA5165A928A8B4E70024BE22 /* SwiftFormat */ = {
			isa = PBXShellScriptBuildPhase;
			buildActionMask = 2147483647;
			files = (
			);
			inputFileListPaths = (
			);
			inputPaths = (
			);
			name = SwiftFormat;
			outputFileListPaths = (
			);
			outputPaths = (
			);
			runOnlyForDeploymentPostprocessing = 0;
			shellPath = /bin/sh;
			shellScript = "# Type a script or drag a script file from your workspace to insert its path.\n#\"${PODS_ROOT}/SwiftFormat/CommandLineTool/swiftformat\" \"$SRCROOT\"\n";
		};
		DA5165AA28A8B5210024BE22 /* SwiftLint */ = {
			isa = PBXShellScriptBuildPhase;
			buildActionMask = 2147483647;
			files = (
			);
			inputFileListPaths = (
			);
			inputPaths = (
			);
			name = SwiftLint;
			outputFileListPaths = (
			);
			outputPaths = (
			);
			runOnlyForDeploymentPostprocessing = 0;
			shellPath = /bin/sh;
			shellScript = "# Type a script or drag a script file from your workspace to insert its path.\n${PODS_ROOT}/SwiftLint/swiftlint\n";
		};
/* End PBXShellScriptBuildPhase section */

/* Begin PBXSourcesBuildPhase section */
		E3D349CF286C20D200618AC3 /* Sources */ = {
			isa = PBXSourcesBuildPhase;
			buildActionMask = 2147483647;
			files = (
				E33663E7292CD6EE00E41E28 /* AppEnvironment.swift in Sources */,
				E34F7B6D292D0CAB00BCC6FE /* RepositoriesContainer.swift in Sources */,
				E3452551291E264000E2FA38 /* AuthResponse.swift in Sources */,
				E345254C291E25DB00E2FA38 /* FirebaseAPIManager+Auth.swift in Sources */,
				DA18732C28F9BD26009D23F7 /* SelectedButtonMemory.swift in Sources */,
				EA7913B828D6EA7000F889E5 /* GraphBottomSheetView.swift in Sources */,
				E335FAF928B7610300835F72 /* SelectedTab.swift in Sources */,
				E39F0B5D28B75D0B0086957F /* GraphViewModel.swift in Sources */,
				E3435A01292281F500B65D48 /* UserRepository.swift in Sources */,
				E38C3AB52915471A00F0B104 /* OptionNameSpaces.swift in Sources */,
				E3FE02FB28D49749008A9B91 /* String+isValid.swift in Sources */,
				E32D47B3292CEAB4001CCE61 /* ResultMapView.swift in Sources */,
				E39F0B5E28B75D0B0086957F /* ActivityHistoryView.swift in Sources */,
				E355961328D4651900AF0FBD /* AuthenticationViewModel.swift in Sources */,
				EA3D3F8D28D07C1000D78D28 /* PeriodView.swift in Sources */,
				E39F0B5A28B75CF30086957F /* EmptyActivityView.swift in Sources */,
				E3DA2F5B28B76098001E9220 /* GatherNaviBar.swift in Sources */,
				EA3D3F8F28D07C1000D78D28 /* Graph.swift in Sources */,
				E305671328B75BA200DFA1C4 /* Int+Extensions.swift in Sources */,
				E305671128B75B6600DFA1C4 /* LocationManager.swift in Sources */,
				E3708FF1289BBEE6004FF0C1 /* EmptyModifier.swift in Sources */,
				E3F598A5292B4F0300023097 /* MainTabComponents.swift in Sources */,
				E3E7480B289284B200F40457 /* TextStyle.swift in Sources */,
				E3708FDC289B8F49004FF0C1 /* TabBarButton.swift in Sources */,
				DAEA931A287D184900349465 /* BottomButtonView.swift in Sources */,
				E38C3AB1291546F800F0B104 /* Encodable+ToDictionary.swift in Sources */,
				EA3D3F8E28D07C1000D78D28 /* GraphView.swift in Sources */,
				E399CA7929338BA100ACFCFA /* ManagersContainer.swift in Sources */,
				E35EFEC7286DFB2D003E23DE /* TabItem.swift in Sources */,
				DBD4C53128F3DFE0000E28D0 /* HistoryList.swift in Sources */,
				E3607CD42923C25E0018B2C2 /* ImageStyle.swift in Sources */,
				EA3D3F9028D07C1000D78D28 /* SimplifiedStatistics.swift in Sources */,
				E34F7B77292DDAC900BCC6FE /* Date+Extension.swift in Sources */,
				E350EA1828AE196000F85FA1 /* Toggle+IconStyle.swift in Sources */,
				DA33695A28790E0C00FA13AE /* RunningGuideView.swift in Sources */,
				E35EFEC6286DFB2D003E23DE /* RunningView.swift in Sources */,
				E3DA2F5928B76098001E9220 /* Alignment+Extention.swift in Sources */,
				DBD4C52F28F3DFD1000E28D0 /* HistoryItem.swift in Sources */,
				E38C3AB3291546FD00F0B104 /* JSONDecoder+Decode.swift in Sources */,
				E3438C3C28D74B260003591F /* FieldStyle.swift in Sources */,
				DA5842192893C22F00554B5D /* View+Extensions.swift in Sources */,
				E351783A28ABC9E50088003B /* RunningRecordView.swift in Sources */,
				E34F7B6C292D0CA800BCC6FE /* ViewModelsContainer.swift in Sources */,
				E85FF54728F6857700C197CA /* History.swift in Sources */,
				E32D47B2292CEAB2001CCE61 /* MapWithPolyline.swift in Sources */,
				DAE12F5D28D346FC00C328EA /* RunGuideItem.swift in Sources */,
				E31D52642927A63C0067DF48 /* FirebaseAuthRequestDTO.swift in Sources */,
				DAE12F5D28D346FC00C328EA /* RunGuideItem.swift in Sources */,
				E35EFEC9286DFB2D003E23DE /* ActivityView.swift in Sources */,
				E31D52622927A6280067DF48 /* FirebaseAuthResponseDTO.swift in Sources */,
				E3DA2F5A28B76098001E9220 /* TouchLocationView.swift in Sources */,
				DA58421E2893C27700554B5D /* RunGuideViewModel.swift in Sources */,
				E38C3AB72915472D00F0B104 /* FirebaseAPIManager.swift in Sources */,
				DA58421B2893C24A00554B5D /* Array+Extensions.swift in Sources */,
				E85FF54928F6867C00C197CA /* AverageHistory.swift in Sources */,
				E38C3AB0291546F500F0B104 /* Query+AddQueries.swift in Sources */,
				E355961028D45ECB00AF0FBD /* AuthenticationView.swift in Sources */,
				E38C3AB2291546FB00F0B104 /* Firestore+Combine.swift in Sources */,
				E3607CD22923C1DF0018B2C2 /* LongPressTypeAlertModifier.swift in Sources */,
				E3DA2F5828B76098001E9220 /* Constants.swift in Sources */,
				E34F7B6E292D0D0F00BCC6FE /* FirebaseUserRepository.swift in Sources */,
				E34F7B6B292D0CA400BCC6FE /* DependencyContainer.swift in Sources */,
				DB198DA8288F76FF002513A9 /* HeaderView.swift in Sources */,
				DA7D5E7728F73A5F0066B2C6 /* RunGuideTabView.swift in Sources */,
				E31D52602927A6040067DF48 /* AuthRequest.swift in Sources */,
				E38C3AB62915472800F0B104 /* FireStoreRequest.swift in Sources */,
				E3E748092892837700F40457 /* RunSplashScreen.swift in Sources */,
				DA7D5E7B28F740D90066B2C6 /* MapView.swift in Sources */,
				E3D349D7286C20D200618AC3 /* GatheRunnerApp.swift in Sources */,
				E38C3AB42915470000F0B104 /* Encodable+Queries.swift in Sources */,
				E35EFECA286DFB2D003E23DE /* MainTabView.swift in Sources */,
				DA33695828790DBE00FA13AE /* JustStartView.swift in Sources */,
				DAEA9315287AED7200349465 /* RunGuideExperienceTabItem.swift in Sources */,
				DA098D2728F802320053140F /* CardView.swift in Sources */,
				DA694A7F28F72E6800A02EEE /* RunGuideDescriptionView.swift in Sources */,
			);
			runOnlyForDeploymentPostprocessing = 0;
		};
		E3D349DF286C20D500618AC3 /* Sources */ = {
			isa = PBXSourcesBuildPhase;
			buildActionMask = 2147483647;
			files = (
				E3D349E8286C20D500618AC3 /* GatheRunnerTests.swift in Sources */,
			);
			runOnlyForDeploymentPostprocessing = 0;
		};
		E3D349E9286C20D500618AC3 /* Sources */ = {
			isa = PBXSourcesBuildPhase;
			buildActionMask = 2147483647;
			files = (
				E3F83E6A28AF641D000CA1B5 /* MeasurementViewUITests.swift in Sources */,
				E3D349F4286C20D500618AC3 /* GatheRunnerUITestsLaunchTests.swift in Sources */,
				E3D349F2286C20D500618AC3 /* GatheRunnerUITests.swift in Sources */,
			);
			runOnlyForDeploymentPostprocessing = 0;
		};
/* End PBXSourcesBuildPhase section */

/* Begin PBXTargetDependency section */
		E3D349E5286C20D500618AC3 /* PBXTargetDependency */ = {
			isa = PBXTargetDependency;
			target = E3D349D2286C20D200618AC3 /* GatheRunner */;
			targetProxy = E3D349E4286C20D500618AC3 /* PBXContainerItemProxy */;
		};
		E3D349EF286C20D500618AC3 /* PBXTargetDependency */ = {
			isa = PBXTargetDependency;
			target = E3D349D2286C20D200618AC3 /* GatheRunner */;
			targetProxy = E3D349EE286C20D500618AC3 /* PBXContainerItemProxy */;
		};
/* End PBXTargetDependency section */

/* Begin XCBuildConfiguration section */
		E3D349F5286C20D500618AC3 /* Debug */ = {
			isa = XCBuildConfiguration;
			buildSettings = {
				ALWAYS_SEARCH_USER_PATHS = NO;
				CLANG_ANALYZER_NONNULL = YES;
				CLANG_ANALYZER_NUMBER_OBJECT_CONVERSION = YES_AGGRESSIVE;
				CLANG_CXX_LANGUAGE_STANDARD = "gnu++17";
				CLANG_CXX_LIBRARY = "libc++";
				CLANG_ENABLE_MODULES = YES;
				CLANG_ENABLE_OBJC_ARC = YES;
				CLANG_ENABLE_OBJC_WEAK = YES;
				CLANG_WARN_BLOCK_CAPTURE_AUTORELEASING = YES;
				CLANG_WARN_BOOL_CONVERSION = YES;
				CLANG_WARN_COMMA = YES;
				CLANG_WARN_CONSTANT_CONVERSION = YES;
				CLANG_WARN_DEPRECATED_OBJC_IMPLEMENTATIONS = YES;
				CLANG_WARN_DIRECT_OBJC_ISA_USAGE = YES_ERROR;
				CLANG_WARN_DOCUMENTATION_COMMENTS = YES;
				CLANG_WARN_EMPTY_BODY = YES;
				CLANG_WARN_ENUM_CONVERSION = YES;
				CLANG_WARN_INFINITE_RECURSION = YES;
				CLANG_WARN_INT_CONVERSION = YES;
				CLANG_WARN_NON_LITERAL_NULL_CONVERSION = YES;
				CLANG_WARN_OBJC_IMPLICIT_RETAIN_SELF = YES;
				CLANG_WARN_OBJC_LITERAL_CONVERSION = YES;
				CLANG_WARN_OBJC_ROOT_CLASS = YES_ERROR;
				CLANG_WARN_QUOTED_INCLUDE_IN_FRAMEWORK_HEADER = YES;
				CLANG_WARN_RANGE_LOOP_ANALYSIS = YES;
				CLANG_WARN_STRICT_PROTOTYPES = YES;
				CLANG_WARN_SUSPICIOUS_MOVE = YES;
				CLANG_WARN_UNGUARDED_AVAILABILITY = YES_AGGRESSIVE;
				CLANG_WARN_UNREACHABLE_CODE = YES;
				CLANG_WARN__DUPLICATE_METHOD_MATCH = YES;
				COPY_PHASE_STRIP = NO;
				DEBUG_INFORMATION_FORMAT = dwarf;
				ENABLE_STRICT_OBJC_MSGSEND = YES;
				ENABLE_TESTABILITY = YES;
				GCC_C_LANGUAGE_STANDARD = gnu11;
				GCC_DYNAMIC_NO_PIC = NO;
				GCC_NO_COMMON_BLOCKS = YES;
				GCC_OPTIMIZATION_LEVEL = 0;
				GCC_PREPROCESSOR_DEFINITIONS = (
					"DEBUG=1",
					"$(inherited)",
				);
				GCC_WARN_64_TO_32_BIT_CONVERSION = YES;
				GCC_WARN_ABOUT_RETURN_TYPE = YES_ERROR;
				GCC_WARN_UNDECLARED_SELECTOR = YES;
				GCC_WARN_UNINITIALIZED_AUTOS = YES_AGGRESSIVE;
				GCC_WARN_UNUSED_FUNCTION = YES;
				GCC_WARN_UNUSED_VARIABLE = YES;
				IPHONEOS_DEPLOYMENT_TARGET = 15.2;
				MTL_ENABLE_DEBUG_INFO = INCLUDE_SOURCE;
				MTL_FAST_MATH = YES;
				ONLY_ACTIVE_ARCH = YES;
				SDKROOT = iphoneos;
				SWIFT_ACTIVE_COMPILATION_CONDITIONS = DEBUG;
				SWIFT_OPTIMIZATION_LEVEL = "-Onone";
			};
			name = Debug;
		};
		E3D349F6286C20D500618AC3 /* Release */ = {
			isa = XCBuildConfiguration;
			buildSettings = {
				ALWAYS_SEARCH_USER_PATHS = NO;
				CLANG_ANALYZER_NONNULL = YES;
				CLANG_ANALYZER_NUMBER_OBJECT_CONVERSION = YES_AGGRESSIVE;
				CLANG_CXX_LANGUAGE_STANDARD = "gnu++17";
				CLANG_CXX_LIBRARY = "libc++";
				CLANG_ENABLE_MODULES = YES;
				CLANG_ENABLE_OBJC_ARC = YES;
				CLANG_ENABLE_OBJC_WEAK = YES;
				CLANG_WARN_BLOCK_CAPTURE_AUTORELEASING = YES;
				CLANG_WARN_BOOL_CONVERSION = YES;
				CLANG_WARN_COMMA = YES;
				CLANG_WARN_CONSTANT_CONVERSION = YES;
				CLANG_WARN_DEPRECATED_OBJC_IMPLEMENTATIONS = YES;
				CLANG_WARN_DIRECT_OBJC_ISA_USAGE = YES_ERROR;
				CLANG_WARN_DOCUMENTATION_COMMENTS = YES;
				CLANG_WARN_EMPTY_BODY = YES;
				CLANG_WARN_ENUM_CONVERSION = YES;
				CLANG_WARN_INFINITE_RECURSION = YES;
				CLANG_WARN_INT_CONVERSION = YES;
				CLANG_WARN_NON_LITERAL_NULL_CONVERSION = YES;
				CLANG_WARN_OBJC_IMPLICIT_RETAIN_SELF = YES;
				CLANG_WARN_OBJC_LITERAL_CONVERSION = YES;
				CLANG_WARN_OBJC_ROOT_CLASS = YES_ERROR;
				CLANG_WARN_QUOTED_INCLUDE_IN_FRAMEWORK_HEADER = YES;
				CLANG_WARN_RANGE_LOOP_ANALYSIS = YES;
				CLANG_WARN_STRICT_PROTOTYPES = YES;
				CLANG_WARN_SUSPICIOUS_MOVE = YES;
				CLANG_WARN_UNGUARDED_AVAILABILITY = YES_AGGRESSIVE;
				CLANG_WARN_UNREACHABLE_CODE = YES;
				CLANG_WARN__DUPLICATE_METHOD_MATCH = YES;
				COPY_PHASE_STRIP = NO;
				DEBUG_INFORMATION_FORMAT = "dwarf-with-dsym";
				ENABLE_NS_ASSERTIONS = NO;
				ENABLE_STRICT_OBJC_MSGSEND = YES;
				GCC_C_LANGUAGE_STANDARD = gnu11;
				GCC_NO_COMMON_BLOCKS = YES;
				GCC_WARN_64_TO_32_BIT_CONVERSION = YES;
				GCC_WARN_ABOUT_RETURN_TYPE = YES_ERROR;
				GCC_WARN_UNDECLARED_SELECTOR = YES;
				GCC_WARN_UNINITIALIZED_AUTOS = YES_AGGRESSIVE;
				GCC_WARN_UNUSED_FUNCTION = YES;
				GCC_WARN_UNUSED_VARIABLE = YES;
				IPHONEOS_DEPLOYMENT_TARGET = 15.2;
				MTL_ENABLE_DEBUG_INFO = NO;
				MTL_FAST_MATH = YES;
				SDKROOT = iphoneos;
				SWIFT_COMPILATION_MODE = wholemodule;
				SWIFT_OPTIMIZATION_LEVEL = "-O";
				VALIDATE_PRODUCT = YES;
			};
			name = Release;
		};
		E3D349F8286C20D500618AC3 /* Debug */ = {
			isa = XCBuildConfiguration;
			baseConfigurationReference = D942972FC8ABC3559B78D5FF /* Pods-GatheRunner.debug.xcconfig */;
			buildSettings = {
				ASSETCATALOG_COMPILER_APPICON_NAME = AppIcon;
				ASSETCATALOG_COMPILER_GLOBAL_ACCENT_COLOR_NAME = AccentColor;
				CODE_SIGN_IDENTITY = "Apple Development";
				CODE_SIGN_STYLE = Automatic;
				CURRENT_PROJECT_VERSION = 1;
				DEVELOPMENT_ASSET_PATHS = "\"GatheRunner/Preview Content\"";
				DEVELOPMENT_TEAM = H5RWE65UKW;
				ENABLE_PREVIEWS = YES;
				GENERATE_INFOPLIST_FILE = YES;
				INFOPLIST_FILE = GatheRunner/Info.plist;
				INFOPLIST_KEY_CFBundleDisplayName = GatheRunner;
				INFOPLIST_KEY_LSApplicationCategoryType = "public.app-category.sports";
				INFOPLIST_KEY_NSLocationAlwaysAndWhenInUseUsageDescription = "위치 권한 요청";
				INFOPLIST_KEY_NSLocationAlwaysUsageDescription = "위치 권한 요청";
				INFOPLIST_KEY_NSLocationWhenInUseUsageDescription = "위치 권한 요청";
				INFOPLIST_KEY_UIApplicationSceneManifest_Generation = YES;
				INFOPLIST_KEY_UIApplicationSupportsIndirectInputEvents = YES;
				INFOPLIST_KEY_UILaunchScreen_Generation = YES;
				INFOPLIST_KEY_UISupportedInterfaceOrientations = UIInterfaceOrientationPortrait;
				INFOPLIST_KEY_UISupportedInterfaceOrientations_iPad = "UIInterfaceOrientationLandscapeLeft UIInterfaceOrientationLandscapeRight UIInterfaceOrientationPortrait UIInterfaceOrientationPortraitUpsideDown";
				INFOPLIST_KEY_UIUserInterfaceStyle = Light;
				LD_RUNPATH_SEARCH_PATHS = (
					"$(inherited)",
					"@executable_path/Frameworks",
				);
				MARKETING_VERSION = 1.0;
				PRODUCT_BUNDLE_IDENTIFIER = com.GatheRunner;
				PRODUCT_NAME = "$(TARGET_NAME)";
				PROVISIONING_PROFILE_SPECIFIER = "";
				SWIFT_EMIT_LOC_STRINGS = YES;
				SWIFT_VERSION = 5.0;
				TARGETED_DEVICE_FAMILY = 1;
			};
			name = Debug;
		};
		E3D349F9286C20D500618AC3 /* Release */ = {
			isa = XCBuildConfiguration;
			baseConfigurationReference = 23E6AD997E8908FB2955C064 /* Pods-GatheRunner.release.xcconfig */;
			buildSettings = {
				ASSETCATALOG_COMPILER_APPICON_NAME = AppIcon;
				ASSETCATALOG_COMPILER_GLOBAL_ACCENT_COLOR_NAME = AccentColor;
				CODE_SIGN_IDENTITY = "Apple Development";
				CODE_SIGN_STYLE = Automatic;
				CURRENT_PROJECT_VERSION = 1;
				DEVELOPMENT_ASSET_PATHS = "\"GatheRunner/Preview Content\"";
				DEVELOPMENT_TEAM = H5RWE65UKW;
				ENABLE_PREVIEWS = YES;
				GENERATE_INFOPLIST_FILE = YES;
				INFOPLIST_FILE = GatheRunner/Info.plist;
				INFOPLIST_KEY_CFBundleDisplayName = GatheRunner;
				INFOPLIST_KEY_LSApplicationCategoryType = "public.app-category.sports";
				INFOPLIST_KEY_NSLocationAlwaysAndWhenInUseUsageDescription = "위치 권한 요청";
				INFOPLIST_KEY_NSLocationAlwaysUsageDescription = "위치 권한 요청";
				INFOPLIST_KEY_NSLocationWhenInUseUsageDescription = "위치 권한 요청";
				INFOPLIST_KEY_UIApplicationSceneManifest_Generation = YES;
				INFOPLIST_KEY_UIApplicationSupportsIndirectInputEvents = YES;
				INFOPLIST_KEY_UILaunchScreen_Generation = YES;
				INFOPLIST_KEY_UISupportedInterfaceOrientations = UIInterfaceOrientationPortrait;
				INFOPLIST_KEY_UISupportedInterfaceOrientations_iPad = "UIInterfaceOrientationLandscapeLeft UIInterfaceOrientationLandscapeRight UIInterfaceOrientationPortrait UIInterfaceOrientationPortraitUpsideDown";
				INFOPLIST_KEY_UIUserInterfaceStyle = Light;
				LD_RUNPATH_SEARCH_PATHS = (
					"$(inherited)",
					"@executable_path/Frameworks",
				);
				MARKETING_VERSION = 1.0;
				PRODUCT_BUNDLE_IDENTIFIER = com.GatheRunner;
				PRODUCT_NAME = "$(TARGET_NAME)";
				PROVISIONING_PROFILE_SPECIFIER = "";
				SWIFT_EMIT_LOC_STRINGS = YES;
				SWIFT_VERSION = 5.0;
				TARGETED_DEVICE_FAMILY = 1;
			};
			name = Release;
		};
		E3D349FB286C20D500618AC3 /* Debug */ = {
			isa = XCBuildConfiguration;
			baseConfigurationReference = A1FBD7301BD3249E41A5E419 /* Pods-GatheRunnerTests.debug.xcconfig */;
			buildSettings = {
				ALWAYS_EMBED_SWIFT_STANDARD_LIBRARIES = "$(inherited)";
				BUNDLE_LOADER = "$(TEST_HOST)";
				CODE_SIGN_STYLE = Automatic;
				CURRENT_PROJECT_VERSION = 1;
				DEVELOPMENT_TEAM = H5RWE65UKW;
				GENERATE_INFOPLIST_FILE = YES;
				IPHONEOS_DEPLOYMENT_TARGET = 15.2;
				MARKETING_VERSION = 1.0;
				PRODUCT_BUNDLE_IDENTIFIER = com.GatheRunnerTests;
				PRODUCT_NAME = "$(TARGET_NAME)";
				SWIFT_EMIT_LOC_STRINGS = NO;
				SWIFT_VERSION = 5.0;
				TARGETED_DEVICE_FAMILY = "1,2";
				TEST_HOST = "$(BUILT_PRODUCTS_DIR)/GatheRunner.app/GatheRunner";
			};
			name = Debug;
		};
		E3D349FC286C20D500618AC3 /* Release */ = {
			isa = XCBuildConfiguration;
			baseConfigurationReference = 75848D194E0D75CB55FC6E7D /* Pods-GatheRunnerTests.release.xcconfig */;
			buildSettings = {
				ALWAYS_EMBED_SWIFT_STANDARD_LIBRARIES = "$(inherited)";
				BUNDLE_LOADER = "$(TEST_HOST)";
				CODE_SIGN_STYLE = Automatic;
				CURRENT_PROJECT_VERSION = 1;
				DEVELOPMENT_TEAM = H5RWE65UKW;
				GENERATE_INFOPLIST_FILE = YES;
				IPHONEOS_DEPLOYMENT_TARGET = 15.2;
				MARKETING_VERSION = 1.0;
				PRODUCT_BUNDLE_IDENTIFIER = com.GatheRunnerTests;
				PRODUCT_NAME = "$(TARGET_NAME)";
				SWIFT_EMIT_LOC_STRINGS = NO;
				SWIFT_VERSION = 5.0;
				TARGETED_DEVICE_FAMILY = "1,2";
				TEST_HOST = "$(BUILT_PRODUCTS_DIR)/GatheRunner.app/GatheRunner";
			};
			name = Release;
		};
		E3D349FE286C20D500618AC3 /* Debug */ = {
			isa = XCBuildConfiguration;
			baseConfigurationReference = 3868EFEEEC4621DAB4C4BABD /* Pods-GatheRunner-GatheRunnerUITests.debug.xcconfig */;
			buildSettings = {
				ALWAYS_EMBED_SWIFT_STANDARD_LIBRARIES = "$(inherited)";
				CODE_SIGN_STYLE = Automatic;
				CURRENT_PROJECT_VERSION = 1;
				DEVELOPMENT_TEAM = JUH3Q3SWFH;
				GENERATE_INFOPLIST_FILE = YES;
				MARKETING_VERSION = 1.0;
				PRODUCT_BUNDLE_IDENTIFIER = com.GatheRunnerUITests;
				PRODUCT_NAME = "$(TARGET_NAME)";
				SWIFT_EMIT_LOC_STRINGS = NO;
				SWIFT_VERSION = 5.0;
				TARGETED_DEVICE_FAMILY = "1,2";
				TEST_TARGET_NAME = GatheRunner;
			};
			name = Debug;
		};
		E3D349FF286C20D500618AC3 /* Release */ = {
			isa = XCBuildConfiguration;
			baseConfigurationReference = 03EBBC3850C49984862875E4 /* Pods-GatheRunner-GatheRunnerUITests.release.xcconfig */;
			buildSettings = {
				ALWAYS_EMBED_SWIFT_STANDARD_LIBRARIES = "$(inherited)";
				CODE_SIGN_STYLE = Automatic;
				CURRENT_PROJECT_VERSION = 1;
				DEVELOPMENT_TEAM = JUH3Q3SWFH;
				GENERATE_INFOPLIST_FILE = YES;
				MARKETING_VERSION = 1.0;
				PRODUCT_BUNDLE_IDENTIFIER = com.GatheRunnerUITests;
				PRODUCT_NAME = "$(TARGET_NAME)";
				SWIFT_EMIT_LOC_STRINGS = NO;
				SWIFT_VERSION = 5.0;
				TARGETED_DEVICE_FAMILY = "1,2";
				TEST_TARGET_NAME = GatheRunner;
			};
			name = Release;
		};
/* End XCBuildConfiguration section */

/* Begin XCConfigurationList section */
		E3D349CE286C20D200618AC3 /* Build configuration list for PBXProject "GatheRunner" */ = {
			isa = XCConfigurationList;
			buildConfigurations = (
				E3D349F5286C20D500618AC3 /* Debug */,
				E3D349F6286C20D500618AC3 /* Release */,
			);
			defaultConfigurationIsVisible = 0;
			defaultConfigurationName = Release;
		};
		E3D349F7286C20D500618AC3 /* Build configuration list for PBXNativeTarget "GatheRunner" */ = {
			isa = XCConfigurationList;
			buildConfigurations = (
				E3D349F8286C20D500618AC3 /* Debug */,
				E3D349F9286C20D500618AC3 /* Release */,
			);
			defaultConfigurationIsVisible = 0;
			defaultConfigurationName = Release;
		};
		E3D349FA286C20D500618AC3 /* Build configuration list for PBXNativeTarget "GatheRunnerTests" */ = {
			isa = XCConfigurationList;
			buildConfigurations = (
				E3D349FB286C20D500618AC3 /* Debug */,
				E3D349FC286C20D500618AC3 /* Release */,
			);
			defaultConfigurationIsVisible = 0;
			defaultConfigurationName = Release;
		};
		E3D349FD286C20D500618AC3 /* Build configuration list for PBXNativeTarget "GatheRunnerUITests" */ = {
			isa = XCConfigurationList;
			buildConfigurations = (
				E3D349FE286C20D500618AC3 /* Debug */,
				E3D349FF286C20D500618AC3 /* Release */,
			);
			defaultConfigurationIsVisible = 0;
			defaultConfigurationName = Release;
		};
/* End XCConfigurationList section */
	};
	rootObject = E3D349CB286C20D200618AC3 /* Project object */;
}
